
Microsoft Visual Studio Solution File, Format Version 9.00
# Visual Studio 2005
Project("{8BC9CEB8-8B4A-11D0-8D11-00A0C91BC942}") = "tier0", "tier0\tier0_x360.vcproj", "{FE02F105-1A72-4AD8-B928-82C83DF663D5}"
EndProject
Project("{8BC9CEB8-8B4A-11D0-8D11-00A0C91BC942}") = "tier1", "tier1\tier1_x360.vcproj", "{F8E20A37-8AC2-4587-90DB-565934B985B0}"
EndProject
Project("{8BC9CEB8-8B4A-11D0-8D11-00A0C91BC942}") = "tier2", "tier2\tier2_x360.vcproj", "{5EDC148B-ACF5-49DA-A05C-924E2B162750}"
EndProject
Project("{8BC9CEB8-8B4A-11D0-8D11-00A0C91BC942}") = "tier3", "tier3\tier3_x360.vcproj", "{2016F937-136A-4182-BA4C-E179BE64AD52}"
EndProject
Project("{8BC9CEB8-8B4A-11D0-8D11-00A0C91BC942}") = "vstdlib", "vstdlib\vstdlib_x360.vcproj", "{7477716C-91C5-47D1-9821-61C61C066E8C}"
	ProjectSection(ProjectDependencies) = postProject
		{FE02F105-1A72-4AD8-B928-82C83DF663D5} = {FE02F105-1A72-4AD8-B928-82C83DF663D5}
		{F8E20A37-8AC2-4587-90DB-565934B985B0} = {F8E20A37-8AC2-4587-90DB-565934B985B0}
	EndProjectSection
EndProject
Project("{8BC9CEB8-8B4A-11D0-8D11-00A0C91BC942}") = "mathlib", "mathlib\mathlib_x360.vcproj", "{8BE8D44D-B656-40C7-83D2-D51309021093}"
EndProject
Project("{8BC9CEB8-8B4A-11D0-8D11-00A0C91BC942}") = "bitmap", "bitmap\bitmap_x360.vcproj", "{D98F41BD-A135-4FEA-A53A-C6553419DA29}"
EndProject
Project("{8BC9CEB8-8B4A-11D0-8D11-00A0C91BC942}") = "choreoobjects", "choreoobjects\choreoobjects_x360.vcproj", "{DF73ED14-5C01-4B79-916B-1C6AC39E90F9}"
EndProject
Project("{8BC9CEB8-8B4A-11D0-8D11-00A0C91BC942}") = "Particles", "particles\Particles_x360.vcproj", "{10DD36FB-AA3F-4B0B-A5ED-F11C1D5B6BD0}"
EndProject
Project("{8BC9CEB8-8B4A-11D0-8D11-00A0C91BC942}") = "Dmxloader", "dmxloader\dmxloader_x360.vcproj", "{5F5B0FBE-D3E6-4653-A23F-E8B6B8A5FC0E}"
EndProject
Project("{8BC9CEB8-8B4A-11D0-8D11-00A0C91BC942}") = "vguimatsurface", "vguimatsurface\vguimatsurface_x360.vcproj", "{C51B715B-C0E5-4675-9AA9-A1BF0F496C02}"
	ProjectSection(ProjectDependencies) = postProject
		{FE02F105-1A72-4AD8-B928-82C83DF663D5} = {FE02F105-1A72-4AD8-B928-82C83DF663D5}
		{78768610-44CC-47AA-9064-95449328075C} = {78768610-44CC-47AA-9064-95449328075C}
		{F8E20A37-8AC2-4587-90DB-565934B985B0} = {F8E20A37-8AC2-4587-90DB-565934B985B0}
		{2016F937-136A-4182-BA4C-E179BE64AD52} = {2016F937-136A-4182-BA4C-E179BE64AD52}
		{8BE8D44D-B656-40C7-83D2-D51309021093} = {8BE8D44D-B656-40C7-83D2-D51309021093}
		{7477716C-91C5-47D1-9821-61C61C066E8C} = {7477716C-91C5-47D1-9821-61C61C066E8C}
		{25847A82-A9E3-403B-B767-A9D071B44C65} = {25847A82-A9E3-403B-B767-A9D071B44C65}
		{5EDC148B-ACF5-49DA-A05C-924E2B162750} = {5EDC148B-ACF5-49DA-A05C-924E2B162750}
	EndProjectSection
EndProject
Project("{8BC9CEB8-8B4A-11D0-8D11-00A0C91BC942}") = "vgui_surfacelib", "vgui2\vgui_surfacelib\vgui_surfacelib_x360.vcproj", "{25847A82-A9E3-403B-B767-A9D071B44C65}"
EndProject
Project("{8BC9CEB8-8B4A-11D0-8D11-00A0C91BC942}") = "vtf", "vtf\vtf_x360.vcproj", "{6266C463-3B48-43CC-9457-887C40E3F821}"
	ProjectSection(ProjectDependencies) = postProject
		{8BE8D44D-B656-40C7-83D2-D51309021093} = {8BE8D44D-B656-40C7-83D2-D51309021093}
	EndProjectSection
EndProject
Project("{8BC9CEB8-8B4A-11D0-8D11-00A0C91BC942}") = "vgui2", "vgui2\src\vgui_dll_x360.vcproj", "{62AB497C-FCB4-423D-A464-9B04A75F86E0}"
	ProjectSection(ProjectDependencies) = postProject
		{FE02F105-1A72-4AD8-B928-82C83DF663D5} = {FE02F105-1A72-4AD8-B928-82C83DF663D5}
		{78768610-44CC-47AA-9064-95449328075C} = {78768610-44CC-47AA-9064-95449328075C}
		{F8E20A37-8AC2-4587-90DB-565934B985B0} = {F8E20A37-8AC2-4587-90DB-565934B985B0}
		{2016F937-136A-4182-BA4C-E179BE64AD52} = {2016F937-136A-4182-BA4C-E179BE64AD52}
		{7477716C-91C5-47D1-9821-61C61C066E8C} = {7477716C-91C5-47D1-9821-61C61C066E8C}
		{25847A82-A9E3-403B-B767-A9D071B44C65} = {25847A82-A9E3-403B-B767-A9D071B44C65}
		{5EDC148B-ACF5-49DA-A05C-924E2B162750} = {5EDC148B-ACF5-49DA-A05C-924E2B162750}
	EndProjectSection
EndProject
Project("{8BC9CEB8-8B4A-11D0-8D11-00A0C91BC942}") = "StudioRender", "studiorender\studiorender_x360.vcproj", "{C10C662B-C0ED-4DFB-BAB8-F28C80086B45}"
	ProjectSection(ProjectDependencies) = postProject
		{FE02F105-1A72-4AD8-B928-82C83DF663D5} = {FE02F105-1A72-4AD8-B928-82C83DF663D5}
		{F8E20A37-8AC2-4587-90DB-565934B985B0} = {F8E20A37-8AC2-4587-90DB-565934B985B0}
		{2016F937-136A-4182-BA4C-E179BE64AD52} = {2016F937-136A-4182-BA4C-E179BE64AD52}
		{8BE8D44D-B656-40C7-83D2-D51309021093} = {8BE8D44D-B656-40C7-83D2-D51309021093}
		{7477716C-91C5-47D1-9821-61C61C066E8C} = {7477716C-91C5-47D1-9821-61C61C066E8C}
		{5EDC148B-ACF5-49DA-A05C-924E2B162750} = {5EDC148B-ACF5-49DA-A05C-924E2B162750}
	EndProjectSection
EndProject
Project("{8BC9CEB8-8B4A-11D0-8D11-00A0C91BC942}") = "shaderlib", "materialsystem\shaderlib\shaderlib_x360.vcproj", "{4E4526C3-5683-4469-8A39-7B802D738C32}"
EndProject
Project("{8BC9CEB8-8B4A-11D0-8D11-00A0C91BC942}") = "stdshader_dx9", "materialsystem\stdshaders\stdshader_dx9_x360.vcproj", "{E366534C-8AE4-4A4D-B81F-CCFFD28BA561}"
	ProjectSection(ProjectDependencies) = postProject
		{FE02F105-1A72-4AD8-B928-82C83DF663D5} = {FE02F105-1A72-4AD8-B928-82C83DF663D5}
		{F8E20A37-8AC2-4587-90DB-565934B985B0} = {F8E20A37-8AC2-4587-90DB-565934B985B0}
		{8BE8D44D-B656-40C7-83D2-D51309021093} = {8BE8D44D-B656-40C7-83D2-D51309021093}
		{7477716C-91C5-47D1-9821-61C61C066E8C} = {7477716C-91C5-47D1-9821-61C61C066E8C}
		{4E4526C3-5683-4469-8A39-7B802D738C32} = {4E4526C3-5683-4469-8A39-7B802D738C32}
	EndProjectSection
EndProject
Project("{8BC9CEB8-8B4A-11D0-8D11-00A0C91BC942}") = "MaterialSystem", "materialsystem\materialsystem_x360.vcproj", "{DFBE2499-7041-4080-AA83-40C5CF4E4F55}"
	ProjectSection(ProjectDependencies) = postProject
		{FE02F105-1A72-4AD8-B928-82C83DF663D5} = {FE02F105-1A72-4AD8-B928-82C83DF663D5}
		{F8E20A37-8AC2-4587-90DB-565934B985B0} = {F8E20A37-8AC2-4587-90DB-565934B985B0}
		{8BE8D44D-B656-40C7-83D2-D51309021093} = {8BE8D44D-B656-40C7-83D2-D51309021093}
		{6266C463-3B48-43CC-9457-887C40E3F821} = {6266C463-3B48-43CC-9457-887C40E3F821}
		{7477716C-91C5-47D1-9821-61C61C066E8C} = {7477716C-91C5-47D1-9821-61C61C066E8C}
		{5EDC148B-ACF5-49DA-A05C-924E2B162750} = {5EDC148B-ACF5-49DA-A05C-924E2B162750}
		{D98F41BD-A135-4FEA-A53A-C6553419DA29} = {D98F41BD-A135-4FEA-A53A-C6553419DA29}
		{4E4526C3-5683-4469-8A39-7B802D738C32} = {4E4526C3-5683-4469-8A39-7B802D738C32}
	EndProjectSection
EndProject
Project("{8BC9CEB8-8B4A-11D0-8D11-00A0C91BC942}") = "SoundEmitterSystem", "soundemittersystem\soundemittersystem_x360.vcproj", "{48E6ED7B-DC80-44A9-87DF-E53404C8499D}"
	ProjectSection(ProjectDependencies) = postProject
		{FE02F105-1A72-4AD8-B928-82C83DF663D5} = {FE02F105-1A72-4AD8-B928-82C83DF663D5}
		{F8E20A37-8AC2-4587-90DB-565934B985B0} = {F8E20A37-8AC2-4587-90DB-565934B985B0}
		{7477716C-91C5-47D1-9821-61C61C066E8C} = {7477716C-91C5-47D1-9821-61C61C066E8C}
	EndProjectSection
EndProject
Project("{8BC9CEB8-8B4A-11D0-8D11-00A0C91BC942}") = "SceneFileCache", "scenefilecache\scenefilecache_x360.vcproj", "{831547CF-1D8E-45A3-BA19-BD5BF893332C}"
	ProjectSection(ProjectDependencies) = postProject
		{FE02F105-1A72-4AD8-B928-82C83DF663D5} = {FE02F105-1A72-4AD8-B928-82C83DF663D5}
		{F8E20A37-8AC2-4587-90DB-565934B985B0} = {F8E20A37-8AC2-4587-90DB-565934B985B0}
		{7477716C-91C5-47D1-9821-61C61C066E8C} = {7477716C-91C5-47D1-9821-61C61C066E8C}
	EndProjectSection
EndProject
Project("{8BC9CEB8-8B4A-11D0-8D11-00A0C91BC942}") = "matsys_controls", "vgui2\matsys_controls\matsys_controls_x360.vcproj", "{594A6F34-A5B3-4434-9DCB-51353A2A92A6}"
EndProject
Project("{8BC9CEB8-8B4A-11D0-8D11-00A0C91BC942}") = "launcher", "launcher\launcher_x360.vcproj", "{99ACCA4E-8748-4AAF-A38D-36DCD6F95A23}"
	ProjectSection(ProjectDependencies) = postProject
		{FE02F105-1A72-4AD8-B928-82C83DF663D5} = {FE02F105-1A72-4AD8-B928-82C83DF663D5}
		{C2199634-6C18-4D43-9F85-CAA40AC80729} = {C2199634-6C18-4D43-9F85-CAA40AC80729}
		{F8E20A37-8AC2-4587-90DB-565934B985B0} = {F8E20A37-8AC2-4587-90DB-565934B985B0}
		{2016F937-136A-4182-BA4C-E179BE64AD52} = {2016F937-136A-4182-BA4C-E179BE64AD52}
		{7477716C-91C5-47D1-9821-61C61C066E8C} = {7477716C-91C5-47D1-9821-61C61C066E8C}
		{5EDC148B-ACF5-49DA-A05C-924E2B162750} = {5EDC148B-ACF5-49DA-A05C-924E2B162750}
	EndProjectSection
EndProject
Project("{8BC9CEB8-8B4A-11D0-8D11-00A0C91BC942}") = "appframework", "appframework\appframework_x360.vcproj", "{C2199634-6C18-4D43-9F85-CAA40AC80729}"
EndProject
Project("{8BC9CEB8-8B4A-11D0-8D11-00A0C91BC942}") = "inputsystem", "inputsystem\inputsystem_x360.vcproj", "{B0B6CD0B-27B5-49C1-B9E6-FC2458FE7175}"
	ProjectSection(ProjectDependencies) = postProject
		{FE02F105-1A72-4AD8-B928-82C83DF663D5} = {FE02F105-1A72-4AD8-B928-82C83DF663D5}
		{F8E20A37-8AC2-4587-90DB-565934B985B0} = {F8E20A37-8AC2-4587-90DB-565934B985B0}
		{7477716C-91C5-47D1-9821-61C61C066E8C} = {7477716C-91C5-47D1-9821-61C61C066E8C}
		{5EDC148B-ACF5-49DA-A05C-924E2B162750} = {5EDC148B-ACF5-49DA-A05C-924E2B162750}
	EndProjectSection
EndProject
Project("{8BC9CEB8-8B4A-11D0-8D11-00A0C91BC942}") = "bsppack", "utils\bsppack\bsppack_x360.vcproj", "{133CEB43-3040-4326-80E5-2A2AA4B9A2CE}"
	ProjectSection(ProjectDependencies) = postProject
		{FE02F105-1A72-4AD8-B928-82C83DF663D5} = {FE02F105-1A72-4AD8-B928-82C83DF663D5}
		{F8E20A37-8AC2-4587-90DB-565934B985B0} = {F8E20A37-8AC2-4587-90DB-565934B985B0}
		{8BE8D44D-B656-40C7-83D2-D51309021093} = {8BE8D44D-B656-40C7-83D2-D51309021093}
		{7477716C-91C5-47D1-9821-61C61C066E8C} = {7477716C-91C5-47D1-9821-61C61C066E8C}
		{5EDC148B-ACF5-49DA-A05C-924E2B162750} = {5EDC148B-ACF5-49DA-A05C-924E2B162750}
	EndProjectSection
EndProject
Project("{8BC9CEB8-8B4A-11D0-8D11-00A0C91BC942}") = "datacache", "datacache\datacache_x360.vcproj", "{2E7C1C1B-2947-4B7F-9AB3-E23B8A63E053}"
	ProjectSection(ProjectDependencies) = postProject
		{FE02F105-1A72-4AD8-B928-82C83DF663D5} = {FE02F105-1A72-4AD8-B928-82C83DF663D5}
		{F8E20A37-8AC2-4587-90DB-565934B985B0} = {F8E20A37-8AC2-4587-90DB-565934B985B0}
		{2016F937-136A-4182-BA4C-E179BE64AD52} = {2016F937-136A-4182-BA4C-E179BE64AD52}
		{7477716C-91C5-47D1-9821-61C61C066E8C} = {7477716C-91C5-47D1-9821-61C61C066E8C}
		{5EDC148B-ACF5-49DA-A05C-924E2B162750} = {5EDC148B-ACF5-49DA-A05C-924E2B162750}
	EndProjectSection
EndProject
Project("{8BC9CEB8-8B4A-11D0-8D11-00A0C91BC942}") = "engine", "engine\engine_x360.vcproj", "{1E9EC2E8-57F7-47E2-BCA6-CF2966D0ADD1}"
	ProjectSection(ProjectDependencies) = postProject
		{FE02F105-1A72-4AD8-B928-82C83DF663D5} = {FE02F105-1A72-4AD8-B928-82C83DF663D5}
		{78768610-44CC-47AA-9064-95449328075C} = {78768610-44CC-47AA-9064-95449328075C}
		{594A6F34-A5B3-4434-9DCB-51353A2A92A6} = {594A6F34-A5B3-4434-9DCB-51353A2A92A6}
		{C2199634-6C18-4D43-9F85-CAA40AC80729} = {C2199634-6C18-4D43-9F85-CAA40AC80729}
		{F8E20A37-8AC2-4587-90DB-565934B985B0} = {F8E20A37-8AC2-4587-90DB-565934B985B0}
		{2016F937-136A-4182-BA4C-E179BE64AD52} = {2016F937-136A-4182-BA4C-E179BE64AD52}
		{8BE8D44D-B656-40C7-83D2-D51309021093} = {8BE8D44D-B656-40C7-83D2-D51309021093}
		{6266C463-3B48-43CC-9457-887C40E3F821} = {6266C463-3B48-43CC-9457-887C40E3F821}
		{7477716C-91C5-47D1-9821-61C61C066E8C} = {7477716C-91C5-47D1-9821-61C61C066E8C}
		{5EDC148B-ACF5-49DA-A05C-924E2B162750} = {5EDC148B-ACF5-49DA-A05C-924E2B162750}
		{5F5B0FBE-D3E6-4653-A23F-E8B6B8A5FC0E} = {5F5B0FBE-D3E6-4653-A23F-E8B6B8A5FC0E}
		{BEFFACD2-07B1-4CB3-A65E-92FCEB8FEA77} = {BEFFACD2-07B1-4CB3-A65E-92FCEB8FEA77}
	EndProjectSection
EndProject
Project("{8BC9CEB8-8B4A-11D0-8D11-00A0C91BC942}") = "GameUI", "gameui\gameUI_x360.vcproj", "{D41C657A-5906-4C2C-B258-445960E94F73}"
	ProjectSection(ProjectDependencies) = postProject
		{FE02F105-1A72-4AD8-B928-82C83DF663D5} = {FE02F105-1A72-4AD8-B928-82C83DF663D5}
		{78768610-44CC-47AA-9064-95449328075C} = {78768610-44CC-47AA-9064-95449328075C}
		{F8E20A37-8AC2-4587-90DB-565934B985B0} = {F8E20A37-8AC2-4587-90DB-565934B985B0}
		{2016F937-136A-4182-BA4C-E179BE64AD52} = {2016F937-136A-4182-BA4C-E179BE64AD52}
		{8BE8D44D-B656-40C7-83D2-D51309021093} = {8BE8D44D-B656-40C7-83D2-D51309021093}
		{6266C463-3B48-43CC-9457-887C40E3F821} = {6266C463-3B48-43CC-9457-887C40E3F821}
		{7477716C-91C5-47D1-9821-61C61C066E8C} = {7477716C-91C5-47D1-9821-61C61C066E8C}
		{5EDC148B-ACF5-49DA-A05C-924E2B162750} = {5EDC148B-ACF5-49DA-A05C-924E2B162750}
	EndProjectSection
EndProject
Project("{8BC9CEB8-8B4A-11D0-8D11-00A0C91BC942}") = "launcher_main", "launcher_main\launcher_main_x360.vcproj", "{E6B3D7DC-E615-4F9E-8E14-E7AFE068E862}"
EndProject
Project("{8BC9CEB8-8B4A-11D0-8D11-00A0C91BC942}") = "Raytrace", "raytrace\raytrace_x360.vcproj", "{7F99BCE2-19C2-497B-B70D-F65BAA17294C}"
EndProject
Project("{8BC9CEB8-8B4A-11D0-8D11-00A0C91BC942}") = "FileSystem_Stdio", "filesystem\filesystem_stdio_x360.vcproj", "{231A32ED-7708-49BB-8ABD-2BE1C6A766DF}"
	ProjectSection(ProjectDependencies) = postProject
		{FE02F105-1A72-4AD8-B928-82C83DF663D5} = {FE02F105-1A72-4AD8-B928-82C83DF663D5}
		{F8E20A37-8AC2-4587-90DB-565934B985B0} = {F8E20A37-8AC2-4587-90DB-565934B985B0}
		{7477716C-91C5-47D1-9821-61C61C066E8C} = {7477716C-91C5-47D1-9821-61C61C066E8C}
		{5EDC148B-ACF5-49DA-A05C-924E2B162750} = {5EDC148B-ACF5-49DA-A05C-924E2B162750}
	EndProjectSection
EndProject
Project("{8BC9CEB8-8B4A-11D0-8D11-00A0C91BC942}") = "AppChooser", "utils\xbox\AppChooser\AppChooser_x360.vcproj", "{9C2F4B9D-243A-4684-AF76-565B740BEF9F}"
	ProjectSection(ProjectDependencies) = postProject
		{5EDC148B-ACF5-49DA-A05C-924E2B162750} = {5EDC148B-ACF5-49DA-A05C-924E2B162750}
		{25847A82-A9E3-403B-B767-A9D071B44C65} = {25847A82-A9E3-403B-B767-A9D071B44C65}
		{7477716C-91C5-47D1-9821-61C61C066E8C} = {7477716C-91C5-47D1-9821-61C61C066E8C}
		{6266C463-3B48-43CC-9457-887C40E3F821} = {6266C463-3B48-43CC-9457-887C40E3F821}
		{8BE8D44D-B656-40C7-83D2-D51309021093} = {8BE8D44D-B656-40C7-83D2-D51309021093}
		{2016F937-136A-4182-BA4C-E179BE64AD52} = {2016F937-136A-4182-BA4C-E179BE64AD52}
		{F8E20A37-8AC2-4587-90DB-565934B985B0} = {F8E20A37-8AC2-4587-90DB-565934B985B0}
		{C2199634-6C18-4D43-9F85-CAA40AC80729} = {C2199634-6C18-4D43-9F85-CAA40AC80729}
		{78768610-44CC-47AA-9064-95449328075C} = {78768610-44CC-47AA-9064-95449328075C}
		{FE02F105-1A72-4AD8-B928-82C83DF663D5} = {FE02F105-1A72-4AD8-B928-82C83DF663D5}
	EndProjectSection
EndProject
Project("{8BC9CEB8-8B4A-11D0-8D11-00A0C91BC942}") = "vxbdm", "utils\xbox\vxbdm\vxbdm_x360.vcproj", "{ECADB9D0-9766-45F1-A764-E395AF1A1859}"
	ProjectSection(ProjectDependencies) = postProject
		{FE02F105-1A72-4AD8-B928-82C83DF663D5} = {FE02F105-1A72-4AD8-B928-82C83DF663D5}
	EndProjectSection
EndProject
Project("{8BC9CEB8-8B4A-11D0-8D11-00A0C91BC942}") = "vgui_controls", "vgui2\vgui_controls\vgui_controls_x360.vcproj", "{78768610-44CC-47AA-9064-95449328075C}"
EndProject
Project("{8BC9CEB8-8B4A-11D0-8D11-00A0C91BC942}") = "Client (Episodic)", "game\client\client_episodic_x360.vcproj", "{50D70B88-2F2F-421F-B204-24DE344D3802}"
	ProjectSection(ProjectDependencies) = postProject
		{FE02F105-1A72-4AD8-B928-82C83DF663D5} = {FE02F105-1A72-4AD8-B928-82C83DF663D5}
		{78768610-44CC-47AA-9064-95449328075C} = {78768610-44CC-47AA-9064-95449328075C}
		{F8E20A37-8AC2-4587-90DB-565934B985B0} = {F8E20A37-8AC2-4587-90DB-565934B985B0}
		{2016F937-136A-4182-BA4C-E179BE64AD52} = {2016F937-136A-4182-BA4C-E179BE64AD52}
		{8BE8D44D-B656-40C7-83D2-D51309021093} = {8BE8D44D-B656-40C7-83D2-D51309021093}
		{7477716C-91C5-47D1-9821-61C61C066E8C} = {7477716C-91C5-47D1-9821-61C61C066E8C}
		{5EDC148B-ACF5-49DA-A05C-924E2B162750} = {5EDC148B-ACF5-49DA-A05C-924E2B162750}
		{5F5B0FBE-D3E6-4653-A23F-E8B6B8A5FC0E} = {5F5B0FBE-D3E6-4653-A23F-E8B6B8A5FC0E}
		{DF73ED14-5C01-4B79-916B-1C6AC39E90F9} = {DF73ED14-5C01-4B79-916B-1C6AC39E90F9}
	EndProjectSection
EndProject
Project("{8BC9CEB8-8B4A-11D0-8D11-00A0C91BC942}") = "Client (HL2)", "game\client\client_hl2_x360.vcproj", "{4FEEDB5C-54D5-41F5-A52A-ED738B40D932}"
	ProjectSection(ProjectDependencies) = postProject
		{FE02F105-1A72-4AD8-B928-82C83DF663D5} = {FE02F105-1A72-4AD8-B928-82C83DF663D5}
		{78768610-44CC-47AA-9064-95449328075C} = {78768610-44CC-47AA-9064-95449328075C}
		{F8E20A37-8AC2-4587-90DB-565934B985B0} = {F8E20A37-8AC2-4587-90DB-565934B985B0}
		{2016F937-136A-4182-BA4C-E179BE64AD52} = {2016F937-136A-4182-BA4C-E179BE64AD52}
		{8BE8D44D-B656-40C7-83D2-D51309021093} = {8BE8D44D-B656-40C7-83D2-D51309021093}
		{7477716C-91C5-47D1-9821-61C61C066E8C} = {7477716C-91C5-47D1-9821-61C61C066E8C}
		{5EDC148B-ACF5-49DA-A05C-924E2B162750} = {5EDC148B-ACF5-49DA-A05C-924E2B162750}
		{D98F41BD-A135-4FEA-A53A-C6553419DA29} = {D98F41BD-A135-4FEA-A53A-C6553419DA29}
		{5F5B0FBE-D3E6-4653-A23F-E8B6B8A5FC0E} = {5F5B0FBE-D3E6-4653-A23F-E8B6B8A5FC0E}
		{DF73ED14-5C01-4B79-916B-1C6AC39E90F9} = {DF73ED14-5C01-4B79-916B-1C6AC39E90F9}
	EndProjectSection
EndProject
Project("{8BC9CEB8-8B4A-11D0-8D11-00A0C91BC942}") = "Client (Portal)", "game\client\client_portal_x360.vcproj", "{1CC700F0-D7FB-445F-B34F-3FE08552161E}"
	ProjectSection(ProjectDependencies) = postProject
		{FE02F105-1A72-4AD8-B928-82C83DF663D5} = {FE02F105-1A72-4AD8-B928-82C83DF663D5}
		{78768610-44CC-47AA-9064-95449328075C} = {78768610-44CC-47AA-9064-95449328075C}
		{F8E20A37-8AC2-4587-90DB-565934B985B0} = {F8E20A37-8AC2-4587-90DB-565934B985B0}
		{2016F937-136A-4182-BA4C-E179BE64AD52} = {2016F937-136A-4182-BA4C-E179BE64AD52}
		{8BE8D44D-B656-40C7-83D2-D51309021093} = {8BE8D44D-B656-40C7-83D2-D51309021093}
		{7477716C-91C5-47D1-9821-61C61C066E8C} = {7477716C-91C5-47D1-9821-61C61C066E8C}
		{5EDC148B-ACF5-49DA-A05C-924E2B162750} = {5EDC148B-ACF5-49DA-A05C-924E2B162750}
		{5F5B0FBE-D3E6-4653-A23F-E8B6B8A5FC0E} = {5F5B0FBE-D3E6-4653-A23F-E8B6B8A5FC0E}
		{DF73ED14-5C01-4B79-916B-1C6AC39E90F9} = {DF73ED14-5C01-4B79-916B-1C6AC39E90F9}
	EndProjectSection
EndProject
Project("{8BC9CEB8-8B4A-11D0-8D11-00A0C91BC942}") = "Client (TF)", "game\client\client_tf_x360.vcproj", "{5A97BCF5-D852-4196-8A80-70C50E8E5488}"
	ProjectSection(ProjectDependencies) = postProject
		{FE02F105-1A72-4AD8-B928-82C83DF663D5} = {FE02F105-1A72-4AD8-B928-82C83DF663D5}
		{78768610-44CC-47AA-9064-95449328075C} = {78768610-44CC-47AA-9064-95449328075C}
		{F8E20A37-8AC2-4587-90DB-565934B985B0} = {F8E20A37-8AC2-4587-90DB-565934B985B0}
		{2016F937-136A-4182-BA4C-E179BE64AD52} = {2016F937-136A-4182-BA4C-E179BE64AD52}
		{8BE8D44D-B656-40C7-83D2-D51309021093} = {8BE8D44D-B656-40C7-83D2-D51309021093}
		{7477716C-91C5-47D1-9821-61C61C066E8C} = {7477716C-91C5-47D1-9821-61C61C066E8C}
		{5EDC148B-ACF5-49DA-A05C-924E2B162750} = {5EDC148B-ACF5-49DA-A05C-924E2B162750}
		{5F5B0FBE-D3E6-4653-A23F-E8B6B8A5FC0E} = {5F5B0FBE-D3E6-4653-A23F-E8B6B8A5FC0E}
		{DF73ED14-5C01-4B79-916B-1C6AC39E90F9} = {DF73ED14-5C01-4B79-916B-1C6AC39E90F9}
	EndProjectSection
EndProject
Project("{8BC9CEB8-8B4A-11D0-8D11-00A0C91BC942}") = "Server (Episodic)", "game\server\server_episodic_x360.vcproj", "{468C4E3D-D34D-417F-82E8-9F4178C7F79D}"
	ProjectSection(ProjectDependencies) = postProject
		{FE02F105-1A72-4AD8-B928-82C83DF663D5} = {FE02F105-1A72-4AD8-B928-82C83DF663D5}
		{78768610-44CC-47AA-9064-95449328075C} = {78768610-44CC-47AA-9064-95449328075C}
		{F8E20A37-8AC2-4587-90DB-565934B985B0} = {F8E20A37-8AC2-4587-90DB-565934B985B0}
		{2016F937-136A-4182-BA4C-E179BE64AD52} = {2016F937-136A-4182-BA4C-E179BE64AD52}
		{8BE8D44D-B656-40C7-83D2-D51309021093} = {8BE8D44D-B656-40C7-83D2-D51309021093}
		{7477716C-91C5-47D1-9821-61C61C066E8C} = {7477716C-91C5-47D1-9821-61C61C066E8C}
		{5EDC148B-ACF5-49DA-A05C-924E2B162750} = {5EDC148B-ACF5-49DA-A05C-924E2B162750}
		{5F5B0FBE-D3E6-4653-A23F-E8B6B8A5FC0E} = {5F5B0FBE-D3E6-4653-A23F-E8B6B8A5FC0E}
		{DF73ED14-5C01-4B79-916B-1C6AC39E90F9} = {DF73ED14-5C01-4B79-916B-1C6AC39E90F9}
	EndProjectSection
EndProject
Project("{8BC9CEB8-8B4A-11D0-8D11-00A0C91BC942}") = "Server (HL2)", "game\server\server_hl2_x360.vcproj", "{BC4B9D31-3815-4C37-9224-736E27D147C4}"
	ProjectSection(ProjectDependencies) = postProject
		{FE02F105-1A72-4AD8-B928-82C83DF663D5} = {FE02F105-1A72-4AD8-B928-82C83DF663D5}
		{78768610-44CC-47AA-9064-95449328075C} = {78768610-44CC-47AA-9064-95449328075C}
		{F8E20A37-8AC2-4587-90DB-565934B985B0} = {F8E20A37-8AC2-4587-90DB-565934B985B0}
		{2016F937-136A-4182-BA4C-E179BE64AD52} = {2016F937-136A-4182-BA4C-E179BE64AD52}
		{8BE8D44D-B656-40C7-83D2-D51309021093} = {8BE8D44D-B656-40C7-83D2-D51309021093}
		{7477716C-91C5-47D1-9821-61C61C066E8C} = {7477716C-91C5-47D1-9821-61C61C066E8C}
		{5EDC148B-ACF5-49DA-A05C-924E2B162750} = {5EDC148B-ACF5-49DA-A05C-924E2B162750}
		{5F5B0FBE-D3E6-4653-A23F-E8B6B8A5FC0E} = {5F5B0FBE-D3E6-4653-A23F-E8B6B8A5FC0E}
		{DF73ED14-5C01-4B79-916B-1C6AC39E90F9} = {DF73ED14-5C01-4B79-916B-1C6AC39E90F9}
	EndProjectSection
EndProject
Project("{8BC9CEB8-8B4A-11D0-8D11-00A0C91BC942}") = "Server (Portal)", "game\server\server_portal_x360.vcproj", "{68775368-D56B-465A-AF08-36DCF21FC7DF}"
	ProjectSection(ProjectDependencies) = postProject
		{FE02F105-1A72-4AD8-B928-82C83DF663D5} = {FE02F105-1A72-4AD8-B928-82C83DF663D5}
		{78768610-44CC-47AA-9064-95449328075C} = {78768610-44CC-47AA-9064-95449328075C}
		{F8E20A37-8AC2-4587-90DB-565934B985B0} = {F8E20A37-8AC2-4587-90DB-565934B985B0}
		{2016F937-136A-4182-BA4C-E179BE64AD52} = {2016F937-136A-4182-BA4C-E179BE64AD52}
		{8BE8D44D-B656-40C7-83D2-D51309021093} = {8BE8D44D-B656-40C7-83D2-D51309021093}
		{7477716C-91C5-47D1-9821-61C61C066E8C} = {7477716C-91C5-47D1-9821-61C61C066E8C}
		{5EDC148B-ACF5-49DA-A05C-924E2B162750} = {5EDC148B-ACF5-49DA-A05C-924E2B162750}
		{5F5B0FBE-D3E6-4653-A23F-E8B6B8A5FC0E} = {5F5B0FBE-D3E6-4653-A23F-E8B6B8A5FC0E}
		{DF73ED14-5C01-4B79-916B-1C6AC39E90F9} = {DF73ED14-5C01-4B79-916B-1C6AC39E90F9}
	EndProjectSection
EndProject
Project("{8BC9CEB8-8B4A-11D0-8D11-00A0C91BC942}") = "Server (TF)", "game\server\server_tf_x360.vcproj", "{CFEA7F22-B281-4910-8DFF-BD07E4701207}"
	ProjectSection(ProjectDependencies) = postProject
		{FE02F105-1A72-4AD8-B928-82C83DF663D5} = {FE02F105-1A72-4AD8-B928-82C83DF663D5}
		{78768610-44CC-47AA-9064-95449328075C} = {78768610-44CC-47AA-9064-95449328075C}
		{F8E20A37-8AC2-4587-90DB-565934B985B0} = {F8E20A37-8AC2-4587-90DB-565934B985B0}
		{2016F937-136A-4182-BA4C-E179BE64AD52} = {2016F937-136A-4182-BA4C-E179BE64AD52}
		{8BE8D44D-B656-40C7-83D2-D51309021093} = {8BE8D44D-B656-40C7-83D2-D51309021093}
		{7477716C-91C5-47D1-9821-61C61C066E8C} = {7477716C-91C5-47D1-9821-61C61C066E8C}
		{5EDC148B-ACF5-49DA-A05C-924E2B162750} = {5EDC148B-ACF5-49DA-A05C-924E2B162750}
		{5F5B0FBE-D3E6-4653-A23F-E8B6B8A5FC0E} = {5F5B0FBE-D3E6-4653-A23F-E8B6B8A5FC0E}
		{DF73ED14-5C01-4B79-916B-1C6AC39E90F9} = {DF73ED14-5C01-4B79-916B-1C6AC39E90F9}
	EndProjectSection
EndProject
Project("{8BC9CEB8-8B4A-11D0-8D11-00A0C91BC942}") = "Bzip2", "utils\bzip2\bzip2_x360.vcproj", "{BEFFACD2-07B1-4CB3-A65E-92FCEB8FEA77}"
EndProject
Project("{8BC9CEB8-8B4A-11D0-8D11-00A0C91BC942}") = "shaderapidx9", "materialsystem\shaderapidx9\shaderapidx9_x360.vcproj", "{81B2F779-5A5A-41FE-AD97-BB58EC716C62}"
	ProjectSection(ProjectDependencies) = postProject
		{FE02F105-1A72-4AD8-B928-82C83DF663D5} = {FE02F105-1A72-4AD8-B928-82C83DF663D5}
		{F8E20A37-8AC2-4587-90DB-565934B985B0} = {F8E20A37-8AC2-4587-90DB-565934B985B0}
		{8BE8D44D-B656-40C7-83D2-D51309021093} = {8BE8D44D-B656-40C7-83D2-D51309021093}
		{7477716C-91C5-47D1-9821-61C61C066E8C} = {7477716C-91C5-47D1-9821-61C61C066E8C}
		{5EDC148B-ACF5-49DA-A05C-924E2B162750} = {5EDC148B-ACF5-49DA-A05C-924E2B162750}
		{BEFFACD2-07B1-4CB3-A65E-92FCEB8FEA77} = {BEFFACD2-07B1-4CB3-A65E-92FCEB8FEA77}
	EndProjectSection
EndProject
Project("{8BC9CEB8-8B4A-11D0-8D11-00A0C91BC942}") = "Simdtest", "utils\simdtest\simdtest_x360.vcproj", "{5C771123-CB32-451D-80DA-3C0160B918B0}"
	ProjectSection(ProjectDependencies) = postProject
		{FE02F105-1A72-4AD8-B928-82C83DF663D5} = {FE02F105-1A72-4AD8-B928-82C83DF663D5}
		{F8E20A37-8AC2-4587-90DB-565934B985B0} = {F8E20A37-8AC2-4587-90DB-565934B985B0}
		{8BE8D44D-B656-40C7-83D2-D51309021093} = {8BE8D44D-B656-40C7-83D2-D51309021093}
		{7477716C-91C5-47D1-9821-61C61C066E8C} = {7477716C-91C5-47D1-9821-61C61C066E8C}
		{5EDC148B-ACF5-49DA-A05C-924E2B162750} = {5EDC148B-ACF5-49DA-A05C-924E2B162750}
		{7F99BCE2-19C2-497B-B70D-F65BAA17294C} = {7F99BCE2-19C2-497B-B70D-F65BAA17294C}
	EndProjectSection
EndProject
Project("{2150E333-8FDC-42A3-9474-1A3956D46DE8}") = "Common", "Common", "{A5A90810-0151-4D38-81E6-30B3A5A15971}"
EndProject
Project("{2150E333-8FDC-42A3-9474-1A3956D46DE8}") = "Games", "Games", "{E12023C0-75EA-4D33-9F6A-AC9248226D16}"
EndProject
Project("{2150E333-8FDC-42A3-9474-1A3956D46DE8}") = "Client", "Client", "{5F52DAD3-B348-4052-B06F-28A14D9D2D1B}"
EndProject
Project("{2150E333-8FDC-42A3-9474-1A3956D46DE8}") = "Server", "Server", "{BF99522A-CB22-4E90-9A4A-FF5F1E7FD52A}"
EndProject
Project("{2150E333-8FDC-42A3-9474-1A3956D46DE8}") = "Engine Main", "Engine Main", "{A2EF4C5D-5A03-4E49-95FE-D8055C3D4DB9}"
EndProject
Project("{2150E333-8FDC-42A3-9474-1A3956D46DE8}") = "Launchers", "Launchers", "{9B39A66F-E3AF-4D10-A481-FE0311503DB4}"
EndProject
Project("{2150E333-8FDC-42A3-9474-1A3956D46DE8}") = "Binaries", "Binaries", "{02B512C0-AF55-49C7-B035-88E533AC709A}"
EndProject
Project("{2150E333-8FDC-42A3-9474-1A3956D46DE8}") = "Dependencies", "Dependencies", "{EEC9197C-95CF-464F-A0FE-204B0790B5C8}"
EndProject
Project("{2150E333-8FDC-42A3-9474-1A3956D46DE8}") = "Main Dependencies", "Main Dependencies", "{E249441C-8047-4E29-9A4B-2E8917418DCE}"
EndProject
Project("{2150E333-8FDC-42A3-9474-1A3956D46DE8}") = "Others", "Others", "{A38DC10B-C0AB-4BDE-88BB-419C94CD043A}"
EndProject
Global
	GlobalSection(SolutionConfigurationPlatforms) = preSolution
		Debug|Xbox 360 = Debug|Xbox 360
		Release|Xbox 360 = Release|Xbox 360
	EndGlobalSection
	GlobalSection(ProjectConfigurationPlatforms) = postSolution
		{FE02F105-1A72-4AD8-B928-82C83DF663D5}.Debug|Xbox 360.ActiveCfg = Debug|Xbox 360
		{FE02F105-1A72-4AD8-B928-82C83DF663D5}.Debug|Xbox 360.Build.0 = Debug|Xbox 360
		{FE02F105-1A72-4AD8-B928-82C83DF663D5}.Release|Xbox 360.ActiveCfg = Release|Xbox 360
		{FE02F105-1A72-4AD8-B928-82C83DF663D5}.Release|Xbox 360.Build.0 = Release|Xbox 360
		{F8E20A37-8AC2-4587-90DB-565934B985B0}.Debug|Xbox 360.ActiveCfg = Debug|Xbox 360
		{F8E20A37-8AC2-4587-90DB-565934B985B0}.Debug|Xbox 360.Build.0 = Debug|Xbox 360
		{F8E20A37-8AC2-4587-90DB-565934B985B0}.Release|Xbox 360.ActiveCfg = Release|Xbox 360
		{F8E20A37-8AC2-4587-90DB-565934B985B0}.Release|Xbox 360.Build.0 = Release|Xbox 360
		{5EDC148B-ACF5-49DA-A05C-924E2B162750}.Debug|Xbox 360.ActiveCfg = Debug|Xbox 360
		{5EDC148B-ACF5-49DA-A05C-924E2B162750}.Debug|Xbox 360.Build.0 = Debug|Xbox 360
		{5EDC148B-ACF5-49DA-A05C-924E2B162750}.Release|Xbox 360.ActiveCfg = Release|Xbox 360
		{5EDC148B-ACF5-49DA-A05C-924E2B162750}.Release|Xbox 360.Build.0 = Release|Xbox 360
		{2016F937-136A-4182-BA4C-E179BE64AD52}.Debug|Xbox 360.ActiveCfg = Debug|Xbox 360
		{2016F937-136A-4182-BA4C-E179BE64AD52}.Debug|Xbox 360.Build.0 = Debug|Xbox 360
		{2016F937-136A-4182-BA4C-E179BE64AD52}.Release|Xbox 360.ActiveCfg = Release|Xbox 360
		{2016F937-136A-4182-BA4C-E179BE64AD52}.Release|Xbox 360.Build.0 = Release|Xbox 360
		{7477716C-91C5-47D1-9821-61C61C066E8C}.Debug|Xbox 360.ActiveCfg = Debug|Xbox 360
		{7477716C-91C5-47D1-9821-61C61C066E8C}.Debug|Xbox 360.Build.0 = Debug|Xbox 360
		{7477716C-91C5-47D1-9821-61C61C066E8C}.Release|Xbox 360.ActiveCfg = Release|Xbox 360
		{7477716C-91C5-47D1-9821-61C61C066E8C}.Release|Xbox 360.Build.0 = Release|Xbox 360
		{8BE8D44D-B656-40C7-83D2-D51309021093}.Debug|Xbox 360.ActiveCfg = Debug|Xbox 360
		{8BE8D44D-B656-40C7-83D2-D51309021093}.Debug|Xbox 360.Build.0 = Debug|Xbox 360
		{8BE8D44D-B656-40C7-83D2-D51309021093}.Release|Xbox 360.ActiveCfg = Release|Xbox 360
		{8BE8D44D-B656-40C7-83D2-D51309021093}.Release|Xbox 360.Build.0 = Release|Xbox 360
		{D98F41BD-A135-4FEA-A53A-C6553419DA29}.Debug|Xbox 360.ActiveCfg = Debug|Xbox 360
		{D98F41BD-A135-4FEA-A53A-C6553419DA29}.Debug|Xbox 360.Build.0 = Debug|Xbox 360
		{D98F41BD-A135-4FEA-A53A-C6553419DA29}.Release|Xbox 360.ActiveCfg = Release|Xbox 360
		{D98F41BD-A135-4FEA-A53A-C6553419DA29}.Release|Xbox 360.Build.0 = Release|Xbox 360
		{DF73ED14-5C01-4B79-916B-1C6AC39E90F9}.Debug|Xbox 360.ActiveCfg = Debug|Xbox 360
		{DF73ED14-5C01-4B79-916B-1C6AC39E90F9}.Debug|Xbox 360.Build.0 = Debug|Xbox 360
		{DF73ED14-5C01-4B79-916B-1C6AC39E90F9}.Release|Xbox 360.ActiveCfg = Release|Xbox 360
		{DF73ED14-5C01-4B79-916B-1C6AC39E90F9}.Release|Xbox 360.Build.0 = Release|Xbox 360
		{10DD36FB-AA3F-4B0B-A5ED-F11C1D5B6BD0}.Debug|Xbox 360.ActiveCfg = Debug|Xbox 360
		{10DD36FB-AA3F-4B0B-A5ED-F11C1D5B6BD0}.Debug|Xbox 360.Build.0 = Debug|Xbox 360
		{10DD36FB-AA3F-4B0B-A5ED-F11C1D5B6BD0}.Release|Xbox 360.ActiveCfg = Release|Xbox 360
		{10DD36FB-AA3F-4B0B-A5ED-F11C1D5B6BD0}.Release|Xbox 360.Build.0 = Release|Xbox 360
		{5F5B0FBE-D3E6-4653-A23F-E8B6B8A5FC0E}.Debug|Xbox 360.ActiveCfg = Debug|Xbox 360
		{5F5B0FBE-D3E6-4653-A23F-E8B6B8A5FC0E}.Debug|Xbox 360.Build.0 = Debug|Xbox 360
		{5F5B0FBE-D3E6-4653-A23F-E8B6B8A5FC0E}.Release|Xbox 360.ActiveCfg = Release|Xbox 360
		{5F5B0FBE-D3E6-4653-A23F-E8B6B8A5FC0E}.Release|Xbox 360.Build.0 = Release|Xbox 360
		{C51B715B-C0E5-4675-9AA9-A1BF0F496C02}.Debug|Xbox 360.ActiveCfg = Debug|Xbox 360
		{C51B715B-C0E5-4675-9AA9-A1BF0F496C02}.Debug|Xbox 360.Build.0 = Debug|Xbox 360
		{C51B715B-C0E5-4675-9AA9-A1BF0F496C02}.Release|Xbox 360.ActiveCfg = Release|Xbox 360
		{C51B715B-C0E5-4675-9AA9-A1BF0F496C02}.Release|Xbox 360.Build.0 = Release|Xbox 360
		{25847A82-A9E3-403B-B767-A9D071B44C65}.Debug|Xbox 360.ActiveCfg = Debug|Xbox 360
		{25847A82-A9E3-403B-B767-A9D071B44C65}.Debug|Xbox 360.Build.0 = Debug|Xbox 360
		{25847A82-A9E3-403B-B767-A9D071B44C65}.Release|Xbox 360.ActiveCfg = Release|Xbox 360
		{25847A82-A9E3-403B-B767-A9D071B44C65}.Release|Xbox 360.Build.0 = Release|Xbox 360
		{6266C463-3B48-43CC-9457-887C40E3F821}.Debug|Xbox 360.ActiveCfg = Debug|Xbox 360
		{6266C463-3B48-43CC-9457-887C40E3F821}.Debug|Xbox 360.Build.0 = Debug|Xbox 360
		{6266C463-3B48-43CC-9457-887C40E3F821}.Release|Xbox 360.ActiveCfg = Release|Xbox 360
		{6266C463-3B48-43CC-9457-887C40E3F821}.Release|Xbox 360.Build.0 = Release|Xbox 360
		{62AB497C-FCB4-423D-A464-9B04A75F86E0}.Debug|Xbox 360.ActiveCfg = Debug|Xbox 360
		{62AB497C-FCB4-423D-A464-9B04A75F86E0}.Debug|Xbox 360.Build.0 = Debug|Xbox 360
		{62AB497C-FCB4-423D-A464-9B04A75F86E0}.Release|Xbox 360.ActiveCfg = Release|Xbox 360
		{62AB497C-FCB4-423D-A464-9B04A75F86E0}.Release|Xbox 360.Build.0 = Release|Xbox 360
		{C10C662B-C0ED-4DFB-BAB8-F28C80086B45}.Debug|Xbox 360.ActiveCfg = Debug|Xbox 360
		{C10C662B-C0ED-4DFB-BAB8-F28C80086B45}.Debug|Xbox 360.Build.0 = Debug|Xbox 360
		{C10C662B-C0ED-4DFB-BAB8-F28C80086B45}.Release|Xbox 360.ActiveCfg = Release|Xbox 360
		{C10C662B-C0ED-4DFB-BAB8-F28C80086B45}.Release|Xbox 360.Build.0 = Release|Xbox 360
		{4E4526C3-5683-4469-8A39-7B802D738C32}.Debug|Xbox 360.ActiveCfg = Debug|Xbox 360
		{4E4526C3-5683-4469-8A39-7B802D738C32}.Debug|Xbox 360.Build.0 = Debug|Xbox 360
		{4E4526C3-5683-4469-8A39-7B802D738C32}.Release|Xbox 360.ActiveCfg = Release|Xbox 360
		{4E4526C3-5683-4469-8A39-7B802D738C32}.Release|Xbox 360.Build.0 = Release|Xbox 360
		{E366534C-8AE4-4A4D-B81F-CCFFD28BA561}.Debug|Xbox 360.ActiveCfg = Debug|Xbox 360
		{E366534C-8AE4-4A4D-B81F-CCFFD28BA561}.Debug|Xbox 360.Build.0 = Debug|Xbox 360
		{E366534C-8AE4-4A4D-B81F-CCFFD28BA561}.Release|Xbox 360.ActiveCfg = Release|Xbox 360
		{E366534C-8AE4-4A4D-B81F-CCFFD28BA561}.Release|Xbox 360.Build.0 = Release|Xbox 360
		{DFBE2499-7041-4080-AA83-40C5CF4E4F55}.Debug|Xbox 360.ActiveCfg = Debug|Xbox 360
		{DFBE2499-7041-4080-AA83-40C5CF4E4F55}.Debug|Xbox 360.Build.0 = Debug|Xbox 360
		{DFBE2499-7041-4080-AA83-40C5CF4E4F55}.Release|Xbox 360.ActiveCfg = Release|Xbox 360
		{DFBE2499-7041-4080-AA83-40C5CF4E4F55}.Release|Xbox 360.Build.0 = Release|Xbox 360
		{48E6ED7B-DC80-44A9-87DF-E53404C8499D}.Debug|Xbox 360.ActiveCfg = Debug|Xbox 360
		{48E6ED7B-DC80-44A9-87DF-E53404C8499D}.Debug|Xbox 360.Build.0 = Debug|Xbox 360
		{48E6ED7B-DC80-44A9-87DF-E53404C8499D}.Release|Xbox 360.ActiveCfg = Release|Xbox 360
		{48E6ED7B-DC80-44A9-87DF-E53404C8499D}.Release|Xbox 360.Build.0 = Release|Xbox 360
		{831547CF-1D8E-45A3-BA19-BD5BF893332C}.Debug|Xbox 360.ActiveCfg = Debug|Xbox 360
		{831547CF-1D8E-45A3-BA19-BD5BF893332C}.Debug|Xbox 360.Build.0 = Debug|Xbox 360
		{831547CF-1D8E-45A3-BA19-BD5BF893332C}.Release|Xbox 360.ActiveCfg = Release|Xbox 360
		{831547CF-1D8E-45A3-BA19-BD5BF893332C}.Release|Xbox 360.Build.0 = Release|Xbox 360
		{594A6F34-A5B3-4434-9DCB-51353A2A92A6}.Debug|Xbox 360.ActiveCfg = Debug|Xbox 360
		{594A6F34-A5B3-4434-9DCB-51353A2A92A6}.Debug|Xbox 360.Build.0 = Debug|Xbox 360
		{594A6F34-A5B3-4434-9DCB-51353A2A92A6}.Release|Xbox 360.ActiveCfg = Release|Xbox 360
		{594A6F34-A5B3-4434-9DCB-51353A2A92A6}.Release|Xbox 360.Build.0 = Release|Xbox 360
		{99ACCA4E-8748-4AAF-A38D-36DCD6F95A23}.Debug|Xbox 360.ActiveCfg = Debug|Xbox 360
		{99ACCA4E-8748-4AAF-A38D-36DCD6F95A23}.Debug|Xbox 360.Build.0 = Debug|Xbox 360
		{99ACCA4E-8748-4AAF-A38D-36DCD6F95A23}.Release|Xbox 360.ActiveCfg = Release|Xbox 360
		{99ACCA4E-8748-4AAF-A38D-36DCD6F95A23}.Release|Xbox 360.Build.0 = Release|Xbox 360
		{C2199634-6C18-4D43-9F85-CAA40AC80729}.Debug|Xbox 360.ActiveCfg = Debug|Xbox 360
		{C2199634-6C18-4D43-9F85-CAA40AC80729}.Debug|Xbox 360.Build.0 = Debug|Xbox 360
		{C2199634-6C18-4D43-9F85-CAA40AC80729}.Release|Xbox 360.ActiveCfg = Release|Xbox 360
		{C2199634-6C18-4D43-9F85-CAA40AC80729}.Release|Xbox 360.Build.0 = Release|Xbox 360
		{B0B6CD0B-27B5-49C1-B9E6-FC2458FE7175}.Debug|Xbox 360.ActiveCfg = Debug|Xbox 360
		{B0B6CD0B-27B5-49C1-B9E6-FC2458FE7175}.Debug|Xbox 360.Build.0 = Debug|Xbox 360
		{B0B6CD0B-27B5-49C1-B9E6-FC2458FE7175}.Release|Xbox 360.ActiveCfg = Release|Xbox 360
		{B0B6CD0B-27B5-49C1-B9E6-FC2458FE7175}.Release|Xbox 360.Build.0 = Release|Xbox 360
		{133CEB43-3040-4326-80E5-2A2AA4B9A2CE}.Debug|Xbox 360.ActiveCfg = Debug|Xbox 360
		{133CEB43-3040-4326-80E5-2A2AA4B9A2CE}.Debug|Xbox 360.Build.0 = Debug|Xbox 360
		{133CEB43-3040-4326-80E5-2A2AA4B9A2CE}.Release|Xbox 360.ActiveCfg = Release|Xbox 360
		{133CEB43-3040-4326-80E5-2A2AA4B9A2CE}.Release|Xbox 360.Build.0 = Release|Xbox 360
		{2E7C1C1B-2947-4B7F-9AB3-E23B8A63E053}.Debug|Xbox 360.ActiveCfg = Debug|Xbox 360
		{2E7C1C1B-2947-4B7F-9AB3-E23B8A63E053}.Debug|Xbox 360.Build.0 = Debug|Xbox 360
		{2E7C1C1B-2947-4B7F-9AB3-E23B8A63E053}.Release|Xbox 360.ActiveCfg = Release|Xbox 360
		{2E7C1C1B-2947-4B7F-9AB3-E23B8A63E053}.Release|Xbox 360.Build.0 = Release|Xbox 360
		{1E9EC2E8-57F7-47E2-BCA6-CF2966D0ADD1}.Debug|Xbox 360.ActiveCfg = Debug|Xbox 360
		{1E9EC2E8-57F7-47E2-BCA6-CF2966D0ADD1}.Debug|Xbox 360.Build.0 = Debug|Xbox 360
		{1E9EC2E8-57F7-47E2-BCA6-CF2966D0ADD1}.Release|Xbox 360.ActiveCfg = Release|Xbox 360
		{1E9EC2E8-57F7-47E2-BCA6-CF2966D0ADD1}.Release|Xbox 360.Build.0 = Release|Xbox 360
		{D41C657A-5906-4C2C-B258-445960E94F73}.Debug|Xbox 360.ActiveCfg = Debug|Xbox 360
		{D41C657A-5906-4C2C-B258-445960E94F73}.Debug|Xbox 360.Build.0 = Debug|Xbox 360
		{D41C657A-5906-4C2C-B258-445960E94F73}.Release|Xbox 360.ActiveCfg = Release|Xbox 360
		{D41C657A-5906-4C2C-B258-445960E94F73}.Release|Xbox 360.Build.0 = Release|Xbox 360
		{E6B3D7DC-E615-4F9E-8E14-E7AFE068E862}.Debug|Xbox 360.ActiveCfg = Debug|Xbox 360
		{E6B3D7DC-E615-4F9E-8E14-E7AFE068E862}.Debug|Xbox 360.Build.0 = Debug|Xbox 360
		{E6B3D7DC-E615-4F9E-8E14-E7AFE068E862}.Release|Xbox 360.ActiveCfg = Release|Xbox 360
		{E6B3D7DC-E615-4F9E-8E14-E7AFE068E862}.Release|Xbox 360.Build.0 = Release|Xbox 360
		{7F99BCE2-19C2-497B-B70D-F65BAA17294C}.Debug|Xbox 360.ActiveCfg = Debug|Xbox 360
		{7F99BCE2-19C2-497B-B70D-F65BAA17294C}.Debug|Xbox 360.Build.0 = Debug|Xbox 360
		{7F99BCE2-19C2-497B-B70D-F65BAA17294C}.Release|Xbox 360.ActiveCfg = Release|Xbox 360
		{7F99BCE2-19C2-497B-B70D-F65BAA17294C}.Release|Xbox 360.Build.0 = Release|Xbox 360
		{231A32ED-7708-49BB-8ABD-2BE1C6A766DF}.Debug|Xbox 360.ActiveCfg = Debug|Xbox 360
		{231A32ED-7708-49BB-8ABD-2BE1C6A766DF}.Debug|Xbox 360.Build.0 = Debug|Xbox 360
		{231A32ED-7708-49BB-8ABD-2BE1C6A766DF}.Release|Xbox 360.ActiveCfg = Release|Xbox 360
		{231A32ED-7708-49BB-8ABD-2BE1C6A766DF}.Release|Xbox 360.Build.0 = Release|Xbox 360
		{9C2F4B9D-243A-4684-AF76-565B740BEF9F}.Debug|Xbox 360.ActiveCfg = Debug|Xbox 360
		{9C2F4B9D-243A-4684-AF76-565B740BEF9F}.Debug|Xbox 360.Build.0 = Debug|Xbox 360
		{9C2F4B9D-243A-4684-AF76-565B740BEF9F}.Release|Xbox 360.ActiveCfg = Release|Xbox 360
		{9C2F4B9D-243A-4684-AF76-565B740BEF9F}.Release|Xbox 360.Build.0 = Release|Xbox 360
		{ECADB9D0-9766-45F1-A764-E395AF1A1859}.Debug|Xbox 360.ActiveCfg = Debug|Xbox 360
		{ECADB9D0-9766-45F1-A764-E395AF1A1859}.Debug|Xbox 360.Build.0 = Debug|Xbox 360
		{ECADB9D0-9766-45F1-A764-E395AF1A1859}.Release|Xbox 360.ActiveCfg = Release|Xbox 360
		{ECADB9D0-9766-45F1-A764-E395AF1A1859}.Release|Xbox 360.Build.0 = Release|Xbox 360
		{78768610-44CC-47AA-9064-95449328075C}.Debug|Xbox 360.ActiveCfg = Debug|Xbox 360
		{78768610-44CC-47AA-9064-95449328075C}.Debug|Xbox 360.Build.0 = Debug|Xbox 360
		{78768610-44CC-47AA-9064-95449328075C}.Release|Xbox 360.ActiveCfg = Release|Xbox 360
		{78768610-44CC-47AA-9064-95449328075C}.Release|Xbox 360.Build.0 = Release|Xbox 360
		{50D70B88-2F2F-421F-B204-24DE344D3802}.Debug|Xbox 360.ActiveCfg = Debug|Xbox 360
		{50D70B88-2F2F-421F-B204-24DE344D3802}.Debug|Xbox 360.Build.0 = Debug|Xbox 360
		{50D70B88-2F2F-421F-B204-24DE344D3802}.Release|Xbox 360.ActiveCfg = Release|Xbox 360
		{50D70B88-2F2F-421F-B204-24DE344D3802}.Release|Xbox 360.Build.0 = Release|Xbox 360
		{4FEEDB5C-54D5-41F5-A52A-ED738B40D932}.Debug|Xbox 360.ActiveCfg = Debug|Xbox 360
		{4FEEDB5C-54D5-41F5-A52A-ED738B40D932}.Debug|Xbox 360.Build.0 = Debug|Xbox 360
		{4FEEDB5C-54D5-41F5-A52A-ED738B40D932}.Release|Xbox 360.ActiveCfg = Release|Xbox 360
		{4FEEDB5C-54D5-41F5-A52A-ED738B40D932}.Release|Xbox 360.Build.0 = Release|Xbox 360
		{1CC700F0-D7FB-445F-B34F-3FE08552161E}.Debug|Xbox 360.ActiveCfg = Debug|Xbox 360
		{1CC700F0-D7FB-445F-B34F-3FE08552161E}.Debug|Xbox 360.Build.0 = Debug|Xbox 360
		{1CC700F0-D7FB-445F-B34F-3FE08552161E}.Release|Xbox 360.ActiveCfg = Release|Xbox 360
		{1CC700F0-D7FB-445F-B34F-3FE08552161E}.Release|Xbox 360.Build.0 = Release|Xbox 360
		{5A97BCF5-D852-4196-8A80-70C50E8E5488}.Debug|Xbox 360.ActiveCfg = Debug|Xbox 360
		{5A97BCF5-D852-4196-8A80-70C50E8E5488}.Debug|Xbox 360.Build.0 = Debug|Xbox 360
		{5A97BCF5-D852-4196-8A80-70C50E8E5488}.Release|Xbox 360.ActiveCfg = Release|Xbox 360
		{5A97BCF5-D852-4196-8A80-70C50E8E5488}.Release|Xbox 360.Build.0 = Release|Xbox 360
		{468C4E3D-D34D-417F-82E8-9F4178C7F79D}.Debug|Xbox 360.ActiveCfg = Debug|Xbox 360
		{468C4E3D-D34D-417F-82E8-9F4178C7F79D}.Debug|Xbox 360.Build.0 = Debug|Xbox 360
		{468C4E3D-D34D-417F-82E8-9F4178C7F79D}.Release|Xbox 360.ActiveCfg = Release|Xbox 360
		{468C4E3D-D34D-417F-82E8-9F4178C7F79D}.Release|Xbox 360.Build.0 = Release|Xbox 360
		{BC4B9D31-3815-4C37-9224-736E27D147C4}.Debug|Xbox 360.ActiveCfg = Debug|Xbox 360
		{BC4B9D31-3815-4C37-9224-736E27D147C4}.Debug|Xbox 360.Build.0 = Debug|Xbox 360
		{BC4B9D31-3815-4C37-9224-736E27D147C4}.Release|Xbox 360.ActiveCfg = Release|Xbox 360
		{BC4B9D31-3815-4C37-9224-736E27D147C4}.Release|Xbox 360.Build.0 = Release|Xbox 360
		{68775368-D56B-465A-AF08-36DCF21FC7DF}.Debug|Xbox 360.ActiveCfg = Debug|Xbox 360
		{68775368-D56B-465A-AF08-36DCF21FC7DF}.Debug|Xbox 360.Build.0 = Debug|Xbox 360
		{68775368-D56B-465A-AF08-36DCF21FC7DF}.Release|Xbox 360.ActiveCfg = Release|Xbox 360
		{68775368-D56B-465A-AF08-36DCF21FC7DF}.Release|Xbox 360.Build.0 = Release|Xbox 360
		{CFEA7F22-B281-4910-8DFF-BD07E4701207}.Debug|Xbox 360.ActiveCfg = Debug|Xbox 360
		{CFEA7F22-B281-4910-8DFF-BD07E4701207}.Debug|Xbox 360.Build.0 = Debug|Xbox 360
		{CFEA7F22-B281-4910-8DFF-BD07E4701207}.Release|Xbox 360.ActiveCfg = Release|Xbox 360
		{CFEA7F22-B281-4910-8DFF-BD07E4701207}.Release|Xbox 360.Build.0 = Release|Xbox 360
		{BEFFACD2-07B1-4CB3-A65E-92FCEB8FEA77}.Debug|Xbox 360.ActiveCfg = Debug|Xbox 360
		{BEFFACD2-07B1-4CB3-A65E-92FCEB8FEA77}.Debug|Xbox 360.Build.0 = Debug|Xbox 360
		{BEFFACD2-07B1-4CB3-A65E-92FCEB8FEA77}.Release|Xbox 360.ActiveCfg = Release|Xbox 360
		{BEFFACD2-07B1-4CB3-A65E-92FCEB8FEA77}.Release|Xbox 360.Build.0 = Release|Xbox 360
		{81B2F779-5A5A-41FE-AD97-BB58EC716C62}.Debug|Xbox 360.ActiveCfg = Debug|Xbox 360
		{81B2F779-5A5A-41FE-AD97-BB58EC716C62}.Debug|Xbox 360.Build.0 = Debug|Xbox 360
		{81B2F779-5A5A-41FE-AD97-BB58EC716C62}.Release|Xbox 360.ActiveCfg = Release|Xbox 360
		{81B2F779-5A5A-41FE-AD97-BB58EC716C62}.Release|Xbox 360.Build.0 = Release|Xbox 360
		{5C771123-CB32-451D-80DA-3C0160B918B0}.Debug|Xbox 360.ActiveCfg = Debug|Xbox 360
		{5C771123-CB32-451D-80DA-3C0160B918B0}.Debug|Xbox 360.Build.0 = Debug|Xbox 360
		{5C771123-CB32-451D-80DA-3C0160B918B0}.Release|Xbox 360.ActiveCfg = Release|Xbox 360
		{5C771123-CB32-451D-80DA-3C0160B918B0}.Release|Xbox 360.Build.0 = Release|Xbox 360
	EndGlobalSection
	GlobalSection(SolutionProperties) = preSolution
		HideSolutionNode = FALSE
	EndGlobalSection
	GlobalSection(NestedProjects) = preSolution
		{EEC9197C-95CF-464F-A0FE-204B0790B5C8} = {A5A90810-0151-4D38-81E6-30B3A5A15971}
		{02B512C0-AF55-49C7-B035-88E533AC709A} = {A5A90810-0151-4D38-81E6-30B3A5A15971}
		{5EDC148B-ACF5-49DA-A05C-924E2B162750} = {EEC9197C-95CF-464F-A0FE-204B0790B5C8}
		{2016F937-136A-4182-BA4C-E179BE64AD52} = {EEC9197C-95CF-464F-A0FE-204B0790B5C8}
		{10DD36FB-AA3F-4B0B-A5ED-F11C1D5B6BD0} = {EEC9197C-95CF-464F-A0FE-204B0790B5C8}
		{25847A82-A9E3-403B-B767-A9D071B44C65} = {EEC9197C-95CF-464F-A0FE-204B0790B5C8}
		{4E4526C3-5683-4469-8A39-7B802D738C32} = {EEC9197C-95CF-464F-A0FE-204B0790B5C8}
		{594A6F34-A5B3-4434-9DCB-51353A2A92A6} = {EEC9197C-95CF-464F-A0FE-204B0790B5C8}
		{78768610-44CC-47AA-9064-95449328075C} = {EEC9197C-95CF-464F-A0FE-204B0790B5C8}
		{F8E20A37-8AC2-4587-90DB-565934B985B0} = {EEC9197C-95CF-464F-A0FE-204B0790B5C8}
		{C51B715B-C0E5-4675-9AA9-A1BF0F496C02} = {02B512C0-AF55-49C7-B035-88E533AC709A}
		{62AB497C-FCB4-423D-A464-9B04A75F86E0} = {02B512C0-AF55-49C7-B035-88E533AC709A}
		{C10C662B-C0ED-4DFB-BAB8-F28C80086B45} = {02B512C0-AF55-49C7-B035-88E533AC709A}
		{E366534C-8AE4-4A4D-B81F-CCFFD28BA561} = {02B512C0-AF55-49C7-B035-88E533AC709A}
		{DFBE2499-7041-4080-AA83-40C5CF4E4F55} = {02B512C0-AF55-49C7-B035-88E533AC709A}
		{48E6ED7B-DC80-44A9-87DF-E53404C8499D} = {02B512C0-AF55-49C7-B035-88E533AC709A}
		{831547CF-1D8E-45A3-BA19-BD5BF893332C} = {02B512C0-AF55-49C7-B035-88E533AC709A}
		{B0B6CD0B-27B5-49C1-B9E6-FC2458FE7175} = {02B512C0-AF55-49C7-B035-88E533AC709A}
		{2E7C1C1B-2947-4B7F-9AB3-E23B8A63E053} = {02B512C0-AF55-49C7-B035-88E533AC709A}
		{D41C657A-5906-4C2C-B258-445960E94F73} = {02B512C0-AF55-49C7-B035-88E533AC709A}
		{231A32ED-7708-49BB-8ABD-2BE1C6A766DF} = {02B512C0-AF55-49C7-B035-88E533AC709A}
		{81B2F779-5A5A-41FE-AD97-BB58EC716C62} = {02B512C0-AF55-49C7-B035-88E533AC709A}
		{FE02F105-1A72-4AD8-B928-82C83DF663D5} = {02B512C0-AF55-49C7-B035-88E533AC709A}
		{7477716C-91C5-47D1-9821-61C61C066E8C} = {02B512C0-AF55-49C7-B035-88E533AC709A}
		{D98F41BD-A135-4FEA-A53A-C6553419DA29} = {E249441C-8047-4E29-9A4B-2E8917418DCE}
		{6266C463-3B48-43CC-9457-887C40E3F821} = {E249441C-8047-4E29-9A4B-2E8917418DCE}
		{C2199634-6C18-4D43-9F85-CAA40AC80729} = {E249441C-8047-4E29-9A4B-2E8917418DCE}
		{7F99BCE2-19C2-497B-B70D-F65BAA17294C} = {E249441C-8047-4E29-9A4B-2E8917418DCE}
		{BEFFACD2-07B1-4CB3-A65E-92FCEB8FEA77} = {E249441C-8047-4E29-9A4B-2E8917418DCE}
		{8BE8D44D-B656-40C7-83D2-D51309021093} = {E249441C-8047-4E29-9A4B-2E8917418DCE}
		{5F5B0FBE-D3E6-4653-A23F-E8B6B8A5FC0E} = {A38DC10B-C0AB-4BDE-88BB-419C94CD043A}
		{133CEB43-3040-4326-80E5-2A2AA4B9A2CE} = {A38DC10B-C0AB-4BDE-88BB-419C94CD043A}
		{9C2F4B9D-243A-4684-AF76-565B740BEF9F} = {A38DC10B-C0AB-4BDE-88BB-419C94CD043A}
		{ECADB9D0-9766-45F1-A764-E395AF1A1859} = {A38DC10B-C0AB-4BDE-88BB-419C94CD043A}
		{5C771123-CB32-451D-80DA-3C0160B918B0} = {A38DC10B-C0AB-4BDE-88BB-419C94CD043A}
		{DF73ED14-5C01-4B79-916B-1C6AC39E90F9} = {A38DC10B-C0AB-4BDE-88BB-419C94CD043A}
		{1E9EC2E8-57F7-47E2-BCA6-CF2966D0ADD1} = {A2EF4C5D-5A03-4E49-95FE-D8055C3D4DB9}
		{9B39A66F-E3AF-4D10-A481-FE0311503DB4} = {A2EF4C5D-5A03-4E49-95FE-D8055C3D4DB9}
		{99ACCA4E-8748-4AAF-A38D-36DCD6F95A23} = {A2EF4C5D-5A03-4E49-95FE-D8055C3D4DB9}
		{E6B3D7DC-E615-4F9E-8E14-E7AFE068E862} = {9B39A66F-E3AF-4D10-A481-FE0311503DB4}
		{5F52DAD3-B348-4052-B06F-28A14D9D2D1B} = {E12023C0-75EA-4D33-9F6A-AC9248226D16}
		{BF99522A-CB22-4E90-9A4A-FF5F1E7FD52A} = {E12023C0-75EA-4D33-9F6A-AC9248226D16}
		{1CC700F0-D7FB-445F-B34F-3FE08552161E} = {5F52DAD3-B348-4052-B06F-28A14D9D2D1B}
		{5A97BCF5-D852-4196-8A80-70C50E8E5488} = {5F52DAD3-B348-4052-B06F-28A14D9D2D1B}
		{50D70B88-2F2F-421F-B204-24DE344D3802} = {5F52DAD3-B348-4052-B06F-28A14D9D2D1B}
		{4FEEDB5C-54D5-41F5-A52A-ED738B40D932} = {5F52DAD3-B348-4052-B06F-28A14D9D2D1B}
		{BC4B9D31-3815-4C37-9224-736E27D147C4} = {BF99522A-CB22-4E90-9A4A-FF5F1E7FD52A}
		{68775368-D56B-465A-AF08-36DCF21FC7DF} = {BF99522A-CB22-4E90-9A4A-FF5F1E7FD52A}
		{CFEA7F22-B281-4910-8DFF-BD07E4701207} = {BF99522A-CB22-4E90-9A4A-FF5F1E7FD52A}
		{468C4E3D-D34D-417F-82E8-9F4178C7F79D} = {BF99522A-CB22-4E90-9A4A-FF5F1E7FD52A}
	EndGlobalSection
EndGlobal
