Microsoft Visual Studio Solution File, Format Version 9.00
# Visual Studio 2005
Project("{8BC9CEB8-8B4A-11D0-8D11-00A0C91BC942}") = "tier0", "tier0\tier0.vcproj", "{FE02F105-1A72-4AD8-B928-82C83DF663D5}"
EndProject
Project("{8BC9CEB8-8B4A-11D0-8D11-00A0C91BC942}") = "vstdlib", "vstdlib\vstdlib.vcproj", "{7477716C-91C5-47D1-9821-61C61C066E8C}"
	ProjectSection(ProjectDependencies) = postProject
		{FE02F105-1A72-4AD8-B928-82C83DF663D5} = {FE02F105-1A72-4AD8-B928-82C83DF663D5}
		{F8E20A37-8AC2-4587-90DB-565934B985B0} = {F8E20A37-8AC2-4587-90DB-565934B985B0}
	EndProjectSection
EndProject
Project("{8BC9CEB8-8B4A-11D0-8D11-00A0C91BC942}") = "Vmpi", "utils\vmpi\vmpi.vcproj", "{1315511F-4885-4916-94B3-A4348EE5413A}"
EndProject
Project("{8BC9CEB8-8B4A-11D0-8D11-00A0C91BC942}") = "Shadercompile_launcher", "utils\shadercompile_launcher\shadercompile_launcher.vcproj", "{3CC28EC2-9E4E-468A-A161-55890DFDD84E}"
	ProjectSection(ProjectDependencies) = postProject
		{FE02F105-1A72-4AD8-B928-82C83DF663D5} = {FE02F105-1A72-4AD8-B928-82C83DF663D5}
		{7477716C-91C5-47D1-9821-61C61C066E8C} = {7477716C-91C5-47D1-9821-61C61C066E8C}
	EndProjectSection
EndProject
Project("{8BC9CEB8-8B4A-11D0-8D11-00A0C91BC942}") = "tier1", "tier1\tier1.vcproj", "{F8E20A37-8AC2-4587-90DB-565934B985B0}"
EndProject
Project("{8BC9CEB8-8B4A-11D0-8D11-00A0C91BC942}") = "tier2", "tier2\tier2.vcproj", "{5EDC148B-ACF5-49DA-A05C-924E2B162750}"
EndProject
Project("{8BC9CEB8-8B4A-11D0-8D11-00A0C91BC942}") = "FileSystem_Stdio", "filesystem\filesystem_stdio.vcproj", "{231A32ED-7708-49BB-8ABD-2BE1C6A766DF}"
	ProjectSection(ProjectDependencies) = postProject
		{5EDC148B-ACF5-49DA-A05C-924E2B162750} = {5EDC148B-ACF5-49DA-A05C-924E2B162750}
		{FE02F105-1A72-4AD8-B928-82C83DF663D5} = {FE02F105-1A72-4AD8-B928-82C83DF663D5}
		{F8E20A37-8AC2-4587-90DB-565934B985B0} = {F8E20A37-8AC2-4587-90DB-565934B985B0}
		{7477716C-91C5-47D1-9821-61C61C066E8C} = {7477716C-91C5-47D1-9821-61C61C066E8C}
	EndProjectSection
EndProject
Project("{8BC9CEB8-8B4A-11D0-8D11-00A0C91BC942}") = "FileSystem_Steam", "filesystem\filesystem_steam.vcproj", "{2B378E30-D73F-4F11-98B0-C2FA4775AF99}"
	ProjectSection(ProjectDependencies) = postProject
		{7477716C-91C5-47D1-9821-61C61C066E8C} = {7477716C-91C5-47D1-9821-61C61C066E8C}
		{F8E20A37-8AC2-4587-90DB-565934B985B0} = {F8E20A37-8AC2-4587-90DB-565934B985B0}
		{5EDC148B-ACF5-49DA-A05C-924E2B162750} = {5EDC148B-ACF5-49DA-A05C-924E2B162750}
		{FE02F105-1A72-4AD8-B928-82C83DF663D5} = {FE02F105-1A72-4AD8-B928-82C83DF663D5}
	EndProjectSection
EndProject
Project("{8BC9CEB8-8B4A-11D0-8D11-00A0C91BC942}") = "Shadercompile_dll", "utils\shadercompile\shadercompile_dll.vcproj", "{F4C643D0-8DD2-4F95-B217-610CDB6375DF}"
EndProject
Global
	GlobalSection(SolutionConfigurationPlatforms) = preSolution
		Debug CounterStrike|Win32 = Debug CounterStrike|Win32
		Debug DoD|Win32 = Debug DoD|Win32
		Debug Episodic HL2|Win32 = Debug Episodic HL2|Win32
		Debug HL1|Win32 = Debug HL1|Win32
		Debug HL2|Win32 = Debug HL2|Win32
		Debug HL2MP|Win32 = Debug HL2MP|Win32
		Debug ICONV using MultiTh RTL DLL|Win32 = Debug ICONV using MultiTh RTL DLL|Win32
		Debug IMS|Win32 = Debug IMS|Win32
		Debug SDK|Win32 = Debug SDK|Win32
		Debug STEAM|Win32 = Debug STEAM|Win32
		Debug TF2|Win32 = Debug TF2|Win32
		Debug|Win32 = Debug|Win32
		Dedicated Debug|Win32 = Dedicated Debug|Win32
		Dedicated Release|Win32 = Dedicated Release|Win32
		Profile|Win32 = Profile|Win32
		Release CounterStrike|Win32 = Release CounterStrike|Win32
		Release DoD|Win32 = Release DoD|Win32
		Release Episodic HL2|Win32 = Release Episodic HL2|Win32
		Release HL1|Win32 = Release HL1|Win32
		Release HL2|Win32 = Release HL2|Win32
		Release HL2MP|Win32 = Release HL2MP|Win32
		Release ICONV using MultiTh RTL DLL|Win32 = Release ICONV using MultiTh RTL DLL|Win32
		Release IMS|Win32 = Release IMS|Win32
		Release SDK|Win32 = Release SDK|Win32
		Release STEAM|Win32 = Release STEAM|Win32
		Release TF2|Win32 = Release TF2|Win32
		Release|Win32 = Release|Win32
		ReleaseWithSymbols|Win32 = ReleaseWithSymbols|Win32
		SDK Debug|Win32 = SDK Debug|Win32
		SDK MultiThreaded|Win32 = SDK MultiThreaded|Win32
		SDK Release|Win32 = SDK Release|Win32
		SDK SingleThreaded|Win32 = SDK SingleThreaded|Win32
	EndGlobalSection
	GlobalSection(ProjectConfigurationPlatforms) = postSolution
		{FE02F105-1A72-4AD8-B928-82C83DF663D5}.Debug CounterStrike|Win32.ActiveCfg = Debug|Win32
		{FE02F105-1A72-4AD8-B928-82C83DF663D5}.Debug CounterStrike|Win32.Build.0 = Debug|Win32
		{FE02F105-1A72-4AD8-B928-82C83DF663D5}.Debug DoD|Win32.ActiveCfg = Debug|Win32
		{FE02F105-1A72-4AD8-B928-82C83DF663D5}.Debug DoD|Win32.Build.0 = Debug|Win32
		{FE02F105-1A72-4AD8-B928-82C83DF663D5}.Debug Episodic HL2|Win32.ActiveCfg = Debug|Win32
		{FE02F105-1A72-4AD8-B928-82C83DF663D5}.Debug Episodic HL2|Win32.Build.0 = Debug|Win32
		{FE02F105-1A72-4AD8-B928-82C83DF663D5}.Debug HL1|Win32.ActiveCfg = Debug|Win32
		{FE02F105-1A72-4AD8-B928-82C83DF663D5}.Debug HL1|Win32.Build.0 = Debug|Win32
		{FE02F105-1A72-4AD8-B928-82C83DF663D5}.Debug HL2|Win32.ActiveCfg = Debug|Win32
		{FE02F105-1A72-4AD8-B928-82C83DF663D5}.Debug HL2|Win32.Build.0 = Debug|Win32
		{FE02F105-1A72-4AD8-B928-82C83DF663D5}.Debug HL2MP|Win32.ActiveCfg = Debug|Win32
		{FE02F105-1A72-4AD8-B928-82C83DF663D5}.Debug HL2MP|Win32.Build.0 = Debug|Win32
		{FE02F105-1A72-4AD8-B928-82C83DF663D5}.Debug ICONV using MultiTh RTL DLL|Win32.ActiveCfg = Debug|Win32
		{FE02F105-1A72-4AD8-B928-82C83DF663D5}.Debug ICONV using MultiTh RTL DLL|Win32.Build.0 = Debug|Win32
		{FE02F105-1A72-4AD8-B928-82C83DF663D5}.Debug IMS|Win32.ActiveCfg = Debug|Win32
		{FE02F105-1A72-4AD8-B928-82C83DF663D5}.Debug IMS|Win32.Build.0 = Debug|Win32
		{FE02F105-1A72-4AD8-B928-82C83DF663D5}.Debug SDK|Win32.ActiveCfg = Debug|Win32
		{FE02F105-1A72-4AD8-B928-82C83DF663D5}.Debug SDK|Win32.Build.0 = Debug|Win32
		{FE02F105-1A72-4AD8-B928-82C83DF663D5}.Debug STEAM|Win32.ActiveCfg = Debug|Win32
		{FE02F105-1A72-4AD8-B928-82C83DF663D5}.Debug STEAM|Win32.Build.0 = Debug|Win32
		{FE02F105-1A72-4AD8-B928-82C83DF663D5}.Debug TF2|Win32.ActiveCfg = Debug|Win32
		{FE02F105-1A72-4AD8-B928-82C83DF663D5}.Debug TF2|Win32.Build.0 = Debug|Win32
		{FE02F105-1A72-4AD8-B928-82C83DF663D5}.Debug|Win32.ActiveCfg = Debug|Win32
		{FE02F105-1A72-4AD8-B928-82C83DF663D5}.Debug|Win32.Build.0 = Debug|Win32
		{FE02F105-1A72-4AD8-B928-82C83DF663D5}.Dedicated Debug|Win32.ActiveCfg = Debug|Win32
		{FE02F105-1A72-4AD8-B928-82C83DF663D5}.Dedicated Debug|Win32.Build.0 = Debug|Win32
		{FE02F105-1A72-4AD8-B928-82C83DF663D5}.Dedicated Release|Win32.ActiveCfg = Release|Win32
		{FE02F105-1A72-4AD8-B928-82C83DF663D5}.Dedicated Release|Win32.Build.0 = Release|Win32
		{FE02F105-1A72-4AD8-B928-82C83DF663D5}.Profile|Win32.ActiveCfg = Debug|Win32
		{FE02F105-1A72-4AD8-B928-82C83DF663D5}.Profile|Win32.Build.0 = Debug|Win32
		{FE02F105-1A72-4AD8-B928-82C83DF663D5}.Release CounterStrike|Win32.ActiveCfg = Release|Win32
		{FE02F105-1A72-4AD8-B928-82C83DF663D5}.Release CounterStrike|Win32.Build.0 = Release|Win32
		{FE02F105-1A72-4AD8-B928-82C83DF663D5}.Release DoD|Win32.ActiveCfg = Release|Win32
		{FE02F105-1A72-4AD8-B928-82C83DF663D5}.Release DoD|Win32.Build.0 = Release|Win32
		{FE02F105-1A72-4AD8-B928-82C83DF663D5}.Release Episodic HL2|Win32.ActiveCfg = Release|Win32
		{FE02F105-1A72-4AD8-B928-82C83DF663D5}.Release Episodic HL2|Win32.Build.0 = Release|Win32
		{FE02F105-1A72-4AD8-B928-82C83DF663D5}.Release HL1|Win32.ActiveCfg = Release|Win32
		{FE02F105-1A72-4AD8-B928-82C83DF663D5}.Release HL1|Win32.Build.0 = Release|Win32
		{FE02F105-1A72-4AD8-B928-82C83DF663D5}.Release HL2|Win32.ActiveCfg = Release|Win32
		{FE02F105-1A72-4AD8-B928-82C83DF663D5}.Release HL2|Win32.Build.0 = Release|Win32
		{FE02F105-1A72-4AD8-B928-82C83DF663D5}.Release HL2MP|Win32.ActiveCfg = Release|Win32
		{FE02F105-1A72-4AD8-B928-82C83DF663D5}.Release HL2MP|Win32.Build.0 = Release|Win32
		{FE02F105-1A72-4AD8-B928-82C83DF663D5}.Release ICONV using MultiTh RTL DLL|Win32.ActiveCfg = Release|Win32
		{FE02F105-1A72-4AD8-B928-82C83DF663D5}.Release ICONV using MultiTh RTL DLL|Win32.Build.0 = Release|Win32
		{FE02F105-1A72-4AD8-B928-82C83DF663D5}.Release IMS|Win32.ActiveCfg = Release|Win32
		{FE02F105-1A72-4AD8-B928-82C83DF663D5}.Release IMS|Win32.Build.0 = Release|Win32
		{FE02F105-1A72-4AD8-B928-82C83DF663D5}.Release SDK|Win32.ActiveCfg = Release|Win32
		{FE02F105-1A72-4AD8-B928-82C83DF663D5}.Release SDK|Win32.Build.0 = Release|Win32
		{FE02F105-1A72-4AD8-B928-82C83DF663D5}.Release STEAM|Win32.ActiveCfg = Release|Win32
		{FE02F105-1A72-4AD8-B928-82C83DF663D5}.Release STEAM|Win32.Build.0 = Release|Win32
		{FE02F105-1A72-4AD8-B928-82C83DF663D5}.Release TF2|Win32.ActiveCfg = Release|Win32
		{FE02F105-1A72-4AD8-B928-82C83DF663D5}.Release TF2|Win32.Build.0 = Release|Win32
		{FE02F105-1A72-4AD8-B928-82C83DF663D5}.Release|Win32.ActiveCfg = Release|Win32
		{FE02F105-1A72-4AD8-B928-82C83DF663D5}.Release|Win32.Build.0 = Release|Win32
		{FE02F105-1A72-4AD8-B928-82C83DF663D5}.ReleaseWithSymbols|Win32.ActiveCfg = Release|Win32
		{FE02F105-1A72-4AD8-B928-82C83DF663D5}.ReleaseWithSymbols|Win32.Build.0 = Release|Win32
		{FE02F105-1A72-4AD8-B928-82C83DF663D5}.SDK Debug|Win32.ActiveCfg = Debug|Win32
		{FE02F105-1A72-4AD8-B928-82C83DF663D5}.SDK Debug|Win32.Build.0 = Debug|Win32
		{FE02F105-1A72-4AD8-B928-82C83DF663D5}.SDK MultiThreaded|Win32.ActiveCfg = Debug|Win32
		{FE02F105-1A72-4AD8-B928-82C83DF663D5}.SDK MultiThreaded|Win32.Build.0 = Debug|Win32
		{FE02F105-1A72-4AD8-B928-82C83DF663D5}.SDK Release|Win32.ActiveCfg = Release|Win32
		{FE02F105-1A72-4AD8-B928-82C83DF663D5}.SDK Release|Win32.Build.0 = Release|Win32
		{FE02F105-1A72-4AD8-B928-82C83DF663D5}.SDK SingleThreaded|Win32.ActiveCfg = Debug|Win32
		{FE02F105-1A72-4AD8-B928-82C83DF663D5}.SDK SingleThreaded|Win32.Build.0 = Debug|Win32
		{7477716C-91C5-47D1-9821-61C61C066E8C}.Debug CounterStrike|Win32.ActiveCfg = Debug|Win32
		{7477716C-91C5-47D1-9821-61C61C066E8C}.Debug CounterStrike|Win32.Build.0 = Debug|Win32
		{7477716C-91C5-47D1-9821-61C61C066E8C}.Debug DoD|Win32.ActiveCfg = Debug|Win32
		{7477716C-91C5-47D1-9821-61C61C066E8C}.Debug DoD|Win32.Build.0 = Debug|Win32
		{7477716C-91C5-47D1-9821-61C61C066E8C}.Debug Episodic HL2|Win32.ActiveCfg = Debug|Win32
		{7477716C-91C5-47D1-9821-61C61C066E8C}.Debug Episodic HL2|Win32.Build.0 = Debug|Win32
		{7477716C-91C5-47D1-9821-61C61C066E8C}.Debug HL1|Win32.ActiveCfg = Debug|Win32
		{7477716C-91C5-47D1-9821-61C61C066E8C}.Debug HL1|Win32.Build.0 = Debug|Win32
		{7477716C-91C5-47D1-9821-61C61C066E8C}.Debug HL2|Win32.ActiveCfg = Debug|Win32
		{7477716C-91C5-47D1-9821-61C61C066E8C}.Debug HL2|Win32.Build.0 = Debug|Win32
		{7477716C-91C5-47D1-9821-61C61C066E8C}.Debug HL2MP|Win32.ActiveCfg = Debug|Win32
		{7477716C-91C5-47D1-9821-61C61C066E8C}.Debug HL2MP|Win32.Build.0 = Debug|Win32
		{7477716C-91C5-47D1-9821-61C61C066E8C}.Debug ICONV using MultiTh RTL DLL|Win32.ActiveCfg = Debug|Win32
		{7477716C-91C5-47D1-9821-61C61C066E8C}.Debug ICONV using MultiTh RTL DLL|Win32.Build.0 = Debug|Win32
		{7477716C-91C5-47D1-9821-61C61C066E8C}.Debug IMS|Win32.ActiveCfg = Debug|Win32
		{7477716C-91C5-47D1-9821-61C61C066E8C}.Debug IMS|Win32.Build.0 = Debug|Win32
		{7477716C-91C5-47D1-9821-61C61C066E8C}.Debug SDK|Win32.ActiveCfg = Debug|Win32
		{7477716C-91C5-47D1-9821-61C61C066E8C}.Debug SDK|Win32.Build.0 = Debug|Win32
		{7477716C-91C5-47D1-9821-61C61C066E8C}.Debug STEAM|Win32.ActiveCfg = Debug|Win32
		{7477716C-91C5-47D1-9821-61C61C066E8C}.Debug STEAM|Win32.Build.0 = Debug|Win32
		{7477716C-91C5-47D1-9821-61C61C066E8C}.Debug TF2|Win32.ActiveCfg = Debug|Win32
		{7477716C-91C5-47D1-9821-61C61C066E8C}.Debug TF2|Win32.Build.0 = Debug|Win32
		{7477716C-91C5-47D1-9821-61C61C066E8C}.Debug|Win32.ActiveCfg = Debug|Win32
		{7477716C-91C5-47D1-9821-61C61C066E8C}.Debug|Win32.Build.0 = Debug|Win32
		{7477716C-91C5-47D1-9821-61C61C066E8C}.Dedicated Debug|Win32.ActiveCfg = Debug|Win32
		{7477716C-91C5-47D1-9821-61C61C066E8C}.Dedicated Debug|Win32.Build.0 = Debug|Win32
		{7477716C-91C5-47D1-9821-61C61C066E8C}.Dedicated Release|Win32.ActiveCfg = Release|Win32
		{7477716C-91C5-47D1-9821-61C61C066E8C}.Dedicated Release|Win32.Build.0 = Release|Win32
		{7477716C-91C5-47D1-9821-61C61C066E8C}.Profile|Win32.ActiveCfg = Release|Win32
		{7477716C-91C5-47D1-9821-61C61C066E8C}.Profile|Win32.Build.0 = Release|Win32
		{7477716C-91C5-47D1-9821-61C61C066E8C}.Release CounterStrike|Win32.ActiveCfg = Release|Win32
		{7477716C-91C5-47D1-9821-61C61C066E8C}.Release CounterStrike|Win32.Build.0 = Release|Win32
		{7477716C-91C5-47D1-9821-61C61C066E8C}.Release DoD|Win32.ActiveCfg = Release|Win32
		{7477716C-91C5-47D1-9821-61C61C066E8C}.Release DoD|Win32.Build.0 = Release|Win32
		{7477716C-91C5-47D1-9821-61C61C066E8C}.Release Episodic HL2|Win32.ActiveCfg = Release|Win32
		{7477716C-91C5-47D1-9821-61C61C066E8C}.Release Episodic HL2|Win32.Build.0 = Release|Win32
		{7477716C-91C5-47D1-9821-61C61C066E8C}.Release HL1|Win32.ActiveCfg = Release|Win32
		{7477716C-91C5-47D1-9821-61C61C066E8C}.Release HL1|Win32.Build.0 = Release|Win32
		{7477716C-91C5-47D1-9821-61C61C066E8C}.Release HL2|Win32.ActiveCfg = Release|Win32
		{7477716C-91C5-47D1-9821-61C61C066E8C}.Release HL2|Win32.Build.0 = Release|Win32
		{7477716C-91C5-47D1-9821-61C61C066E8C}.Release HL2MP|Win32.ActiveCfg = Release|Win32
		{7477716C-91C5-47D1-9821-61C61C066E8C}.Release HL2MP|Win32.Build.0 = Release|Win32
		{7477716C-91C5-47D1-9821-61C61C066E8C}.Release ICONV using MultiTh RTL DLL|Win32.ActiveCfg = Release|Win32
		{7477716C-91C5-47D1-9821-61C61C066E8C}.Release ICONV using MultiTh RTL DLL|Win32.Build.0 = Release|Win32
		{7477716C-91C5-47D1-9821-61C61C066E8C}.Release IMS|Win32.ActiveCfg = Release|Win32
		{7477716C-91C5-47D1-9821-61C61C066E8C}.Release IMS|Win32.Build.0 = Release|Win32
		{7477716C-91C5-47D1-9821-61C61C066E8C}.Release SDK|Win32.ActiveCfg = Release|Win32
		{7477716C-91C5-47D1-9821-61C61C066E8C}.Release SDK|Win32.Build.0 = Release|Win32
		{7477716C-91C5-47D1-9821-61C61C066E8C}.Release STEAM|Win32.ActiveCfg = Release|Win32
		{7477716C-91C5-47D1-9821-61C61C066E8C}.Release STEAM|Win32.Build.0 = Release|Win32
		{7477716C-91C5-47D1-9821-61C61C066E8C}.Release TF2|Win32.ActiveCfg = Release|Win32
		{7477716C-91C5-47D1-9821-61C61C066E8C}.Release TF2|Win32.Build.0 = Release|Win32
		{7477716C-91C5-47D1-9821-61C61C066E8C}.Release|Win32.ActiveCfg = Release|Win32
		{7477716C-91C5-47D1-9821-61C61C066E8C}.Release|Win32.Build.0 = Release|Win32
		{7477716C-91C5-47D1-9821-61C61C066E8C}.ReleaseWithSymbols|Win32.ActiveCfg = Release|Win32
		{7477716C-91C5-47D1-9821-61C61C066E8C}.ReleaseWithSymbols|Win32.Build.0 = Release|Win32
		{7477716C-91C5-47D1-9821-61C61C066E8C}.SDK Debug|Win32.ActiveCfg = Debug|Win32
		{7477716C-91C5-47D1-9821-61C61C066E8C}.SDK Debug|Win32.Build.0 = Debug|Win32
		{7477716C-91C5-47D1-9821-61C61C066E8C}.SDK MultiThreaded|Win32.ActiveCfg = Release|Win32
		{7477716C-91C5-47D1-9821-61C61C066E8C}.SDK MultiThreaded|Win32.Build.0 = Release|Win32
		{7477716C-91C5-47D1-9821-61C61C066E8C}.SDK Release|Win32.ActiveCfg = Release|Win32
		{7477716C-91C5-47D1-9821-61C61C066E8C}.SDK Release|Win32.Build.0 = Release|Win32
		{7477716C-91C5-47D1-9821-61C61C066E8C}.SDK SingleThreaded|Win32.ActiveCfg = Release|Win32
		{7477716C-91C5-47D1-9821-61C61C066E8C}.SDK SingleThreaded|Win32.Build.0 = Release|Win32
		{1315511F-4885-4916-94B3-A4348EE5413A}.Debug CounterStrike|Win32.ActiveCfg = Debug|Win32
		{1315511F-4885-4916-94B3-A4348EE5413A}.Debug CounterStrike|Win32.Build.0 = Debug|Win32
		{1315511F-4885-4916-94B3-A4348EE5413A}.Debug DoD|Win32.ActiveCfg = Debug|Win32
		{1315511F-4885-4916-94B3-A4348EE5413A}.Debug DoD|Win32.Build.0 = Debug|Win32
		{1315511F-4885-4916-94B3-A4348EE5413A}.Debug Episodic HL2|Win32.ActiveCfg = Debug|Win32
		{1315511F-4885-4916-94B3-A4348EE5413A}.Debug Episodic HL2|Win32.Build.0 = Debug|Win32
		{1315511F-4885-4916-94B3-A4348EE5413A}.Debug HL1|Win32.ActiveCfg = Debug|Win32
		{1315511F-4885-4916-94B3-A4348EE5413A}.Debug HL1|Win32.Build.0 = Debug|Win32
		{1315511F-4885-4916-94B3-A4348EE5413A}.Debug HL2|Win32.ActiveCfg = Debug|Win32
		{1315511F-4885-4916-94B3-A4348EE5413A}.Debug HL2|Win32.Build.0 = Debug|Win32
		{1315511F-4885-4916-94B3-A4348EE5413A}.Debug HL2MP|Win32.ActiveCfg = Debug|Win32
		{1315511F-4885-4916-94B3-A4348EE5413A}.Debug HL2MP|Win32.Build.0 = Debug|Win32
		{1315511F-4885-4916-94B3-A4348EE5413A}.Debug ICONV using MultiTh RTL DLL|Win32.ActiveCfg = Debug|Win32
		{1315511F-4885-4916-94B3-A4348EE5413A}.Debug ICONV using MultiTh RTL DLL|Win32.Build.0 = Debug|Win32
		{1315511F-4885-4916-94B3-A4348EE5413A}.Debug IMS|Win32.ActiveCfg = Debug|Win32
		{1315511F-4885-4916-94B3-A4348EE5413A}.Debug IMS|Win32.Build.0 = Debug|Win32
		{1315511F-4885-4916-94B3-A4348EE5413A}.Debug SDK|Win32.ActiveCfg = Debug|Win32
		{1315511F-4885-4916-94B3-A4348EE5413A}.Debug SDK|Win32.Build.0 = Debug|Win32
		{1315511F-4885-4916-94B3-A4348EE5413A}.Debug STEAM|Win32.ActiveCfg = Debug|Win32
		{1315511F-4885-4916-94B3-A4348EE5413A}.Debug STEAM|Win32.Build.0 = Debug|Win32
		{1315511F-4885-4916-94B3-A4348EE5413A}.Debug TF2|Win32.ActiveCfg = Debug|Win32
		{1315511F-4885-4916-94B3-A4348EE5413A}.Debug TF2|Win32.Build.0 = Debug|Win32
		{1315511F-4885-4916-94B3-A4348EE5413A}.Debug|Win32.ActiveCfg = Debug|Win32
		{1315511F-4885-4916-94B3-A4348EE5413A}.Debug|Win32.Build.0 = Debug|Win32
		{1315511F-4885-4916-94B3-A4348EE5413A}.Dedicated Debug|Win32.ActiveCfg = Debug|Win32
		{1315511F-4885-4916-94B3-A4348EE5413A}.Dedicated Debug|Win32.Build.0 = Debug|Win32
		{1315511F-4885-4916-94B3-A4348EE5413A}.Dedicated Release|Win32.ActiveCfg = Release|Win32
		{1315511F-4885-4916-94B3-A4348EE5413A}.Dedicated Release|Win32.Build.0 = Release|Win32
		{1315511F-4885-4916-94B3-A4348EE5413A}.Profile|Win32.ActiveCfg = Debug|Win32
		{1315511F-4885-4916-94B3-A4348EE5413A}.Profile|Win32.Build.0 = Debug|Win32
		{1315511F-4885-4916-94B3-A4348EE5413A}.Release CounterStrike|Win32.ActiveCfg = Release|Win32
		{1315511F-4885-4916-94B3-A4348EE5413A}.Release CounterStrike|Win32.Build.0 = Release|Win32
		{1315511F-4885-4916-94B3-A4348EE5413A}.Release DoD|Win32.ActiveCfg = Release|Win32
		{1315511F-4885-4916-94B3-A4348EE5413A}.Release DoD|Win32.Build.0 = Release|Win32
		{1315511F-4885-4916-94B3-A4348EE5413A}.Release Episodic HL2|Win32.ActiveCfg = Release|Win32
		{1315511F-4885-4916-94B3-A4348EE5413A}.Release Episodic HL2|Win32.Build.0 = Release|Win32
		{1315511F-4885-4916-94B3-A4348EE5413A}.Release HL1|Win32.ActiveCfg = Release|Win32
		{1315511F-4885-4916-94B3-A4348EE5413A}.Release HL1|Win32.Build.0 = Release|Win32
		{1315511F-4885-4916-94B3-A4348EE5413A}.Release HL2|Win32.ActiveCfg = Release|Win32
		{1315511F-4885-4916-94B3-A4348EE5413A}.Release HL2|Win32.Build.0 = Release|Win32
		{1315511F-4885-4916-94B3-A4348EE5413A}.Release HL2MP|Win32.ActiveCfg = Release|Win32
		{1315511F-4885-4916-94B3-A4348EE5413A}.Release HL2MP|Win32.Build.0 = Release|Win32
		{1315511F-4885-4916-94B3-A4348EE5413A}.Release ICONV using MultiTh RTL DLL|Win32.ActiveCfg = Release|Win32
		{1315511F-4885-4916-94B3-A4348EE5413A}.Release ICONV using MultiTh RTL DLL|Win32.Build.0 = Release|Win32
		{1315511F-4885-4916-94B3-A4348EE5413A}.Release IMS|Win32.ActiveCfg = Release|Win32
		{1315511F-4885-4916-94B3-A4348EE5413A}.Release IMS|Win32.Build.0 = Release|Win32
		{1315511F-4885-4916-94B3-A4348EE5413A}.Release SDK|Win32.ActiveCfg = Release|Win32
		{1315511F-4885-4916-94B3-A4348EE5413A}.Release SDK|Win32.Build.0 = Release|Win32
		{1315511F-4885-4916-94B3-A4348EE5413A}.Release STEAM|Win32.ActiveCfg = Release|Win32
		{1315511F-4885-4916-94B3-A4348EE5413A}.Release STEAM|Win32.Build.0 = Release|Win32
		{1315511F-4885-4916-94B3-A4348EE5413A}.Release TF2|Win32.ActiveCfg = Release|Win32
		{1315511F-4885-4916-94B3-A4348EE5413A}.Release TF2|Win32.Build.0 = Release|Win32
		{1315511F-4885-4916-94B3-A4348EE5413A}.Release|Win32.ActiveCfg = Release|Win32
		{1315511F-4885-4916-94B3-A4348EE5413A}.Release|Win32.Build.0 = Release|Win32
		{1315511F-4885-4916-94B3-A4348EE5413A}.ReleaseWithSymbols|Win32.ActiveCfg = Release|Win32
		{1315511F-4885-4916-94B3-A4348EE5413A}.ReleaseWithSymbols|Win32.Build.0 = Release|Win32
		{1315511F-4885-4916-94B3-A4348EE5413A}.SDK Debug|Win32.ActiveCfg = Debug|Win32
		{1315511F-4885-4916-94B3-A4348EE5413A}.SDK Debug|Win32.Build.0 = Debug|Win32
		{1315511F-4885-4916-94B3-A4348EE5413A}.SDK MultiThreaded|Win32.ActiveCfg = Debug|Win32
		{1315511F-4885-4916-94B3-A4348EE5413A}.SDK MultiThreaded|Win32.Build.0 = Debug|Win32
		{1315511F-4885-4916-94B3-A4348EE5413A}.SDK Release|Win32.ActiveCfg = Release|Win32
		{1315511F-4885-4916-94B3-A4348EE5413A}.SDK Release|Win32.Build.0 = Release|Win32
		{1315511F-4885-4916-94B3-A4348EE5413A}.SDK SingleThreaded|Win32.ActiveCfg = Debug|Win32
		{1315511F-4885-4916-94B3-A4348EE5413A}.SDK SingleThreaded|Win32.Build.0 = Debug|Win32
		{3CC28EC2-9E4E-468A-A161-55890DFDD84E}.Debug CounterStrike|Win32.ActiveCfg = Debug|Win32
		{3CC28EC2-9E4E-468A-A161-55890DFDD84E}.Debug CounterStrike|Win32.Build.0 = Debug|Win32
		{3CC28EC2-9E4E-468A-A161-55890DFDD84E}.Debug DoD|Win32.ActiveCfg = Debug|Win32
		{3CC28EC2-9E4E-468A-A161-55890DFDD84E}.Debug DoD|Win32.Build.0 = Debug|Win32
		{3CC28EC2-9E4E-468A-A161-55890DFDD84E}.Debug Episodic HL2|Win32.ActiveCfg = Debug|Win32
		{3CC28EC2-9E4E-468A-A161-55890DFDD84E}.Debug Episodic HL2|Win32.Build.0 = Debug|Win32
		{3CC28EC2-9E4E-468A-A161-55890DFDD84E}.Debug HL1|Win32.ActiveCfg = Debug|Win32
		{3CC28EC2-9E4E-468A-A161-55890DFDD84E}.Debug HL1|Win32.Build.0 = Debug|Win32
		{3CC28EC2-9E4E-468A-A161-55890DFDD84E}.Debug HL2|Win32.ActiveCfg = Debug|Win32
		{3CC28EC2-9E4E-468A-A161-55890DFDD84E}.Debug HL2|Win32.Build.0 = Debug|Win32
		{3CC28EC2-9E4E-468A-A161-55890DFDD84E}.Debug HL2MP|Win32.ActiveCfg = Debug|Win32
		{3CC28EC2-9E4E-468A-A161-55890DFDD84E}.Debug HL2MP|Win32.Build.0 = Debug|Win32
		{3CC28EC2-9E4E-468A-A161-55890DFDD84E}.Debug ICONV using MultiTh RTL DLL|Win32.ActiveCfg = Debug|Win32
		{3CC28EC2-9E4E-468A-A161-55890DFDD84E}.Debug ICONV using MultiTh RTL DLL|Win32.Build.0 = Debug|Win32
		{3CC28EC2-9E4E-468A-A161-55890DFDD84E}.Debug IMS|Win32.ActiveCfg = Debug|Win32
		{3CC28EC2-9E4E-468A-A161-55890DFDD84E}.Debug IMS|Win32.Build.0 = Debug|Win32
		{3CC28EC2-9E4E-468A-A161-55890DFDD84E}.Debug SDK|Win32.ActiveCfg = Debug|Win32
		{3CC28EC2-9E4E-468A-A161-55890DFDD84E}.Debug SDK|Win32.Build.0 = Debug|Win32
		{3CC28EC2-9E4E-468A-A161-55890DFDD84E}.Debug STEAM|Win32.ActiveCfg = Debug|Win32
		{3CC28EC2-9E4E-468A-A161-55890DFDD84E}.Debug STEAM|Win32.Build.0 = Debug|Win32
		{3CC28EC2-9E4E-468A-A161-55890DFDD84E}.Debug TF2|Win32.ActiveCfg = Debug|Win32
		{3CC28EC2-9E4E-468A-A161-55890DFDD84E}.Debug TF2|Win32.Build.0 = Debug|Win32
		{3CC28EC2-9E4E-468A-A161-55890DFDD84E}.Debug|Win32.ActiveCfg = Debug|Win32
		{3CC28EC2-9E4E-468A-A161-55890DFDD84E}.Debug|Win32.Build.0 = Debug|Win32
		{3CC28EC2-9E4E-468A-A161-55890DFDD84E}.Dedicated Debug|Win32.ActiveCfg = Debug|Win32
		{3CC28EC2-9E4E-468A-A161-55890DFDD84E}.Dedicated Debug|Win32.Build.0 = Debug|Win32
		{3CC28EC2-9E4E-468A-A161-55890DFDD84E}.Dedicated Release|Win32.ActiveCfg = Release|Win32
		{3CC28EC2-9E4E-468A-A161-55890DFDD84E}.Dedicated Release|Win32.Build.0 = Release|Win32
		{3CC28EC2-9E4E-468A-A161-55890DFDD84E}.Profile|Win32.ActiveCfg = Release|Win32
		{3CC28EC2-9E4E-468A-A161-55890DFDD84E}.Profile|Win32.Build.0 = Release|Win32
		{3CC28EC2-9E4E-468A-A161-55890DFDD84E}.Release CounterStrike|Win32.ActiveCfg = Release|Win32
		{3CC28EC2-9E4E-468A-A161-55890DFDD84E}.Release CounterStrike|Win32.Build.0 = Release|Win32
		{3CC28EC2-9E4E-468A-A161-55890DFDD84E}.Release DoD|Win32.ActiveCfg = Release|Win32
		{3CC28EC2-9E4E-468A-A161-55890DFDD84E}.Release DoD|Win32.Build.0 = Release|Win32
		{3CC28EC2-9E4E-468A-A161-55890DFDD84E}.Release Episodic HL2|Win32.ActiveCfg = Release|Win32
		{3CC28EC2-9E4E-468A-A161-55890DFDD84E}.Release Episodic HL2|Win32.Build.0 = Release|Win32
		{3CC28EC2-9E4E-468A-A161-55890DFDD84E}.Release HL1|Win32.ActiveCfg = Release|Win32
		{3CC28EC2-9E4E-468A-A161-55890DFDD84E}.Release HL1|Win32.Build.0 = Release|Win32
		{3CC28EC2-9E4E-468A-A161-55890DFDD84E}.Release HL2|Win32.ActiveCfg = Release|Win32
		{3CC28EC2-9E4E-468A-A161-55890DFDD84E}.Release HL2|Win32.Build.0 = Release|Win32
		{3CC28EC2-9E4E-468A-A161-55890DFDD84E}.Release HL2MP|Win32.ActiveCfg = Release|Win32
		{3CC28EC2-9E4E-468A-A161-55890DFDD84E}.Release HL2MP|Win32.Build.0 = Release|Win32
		{3CC28EC2-9E4E-468A-A161-55890DFDD84E}.Release ICONV using MultiTh RTL DLL|Win32.ActiveCfg = Release|Win32
		{3CC28EC2-9E4E-468A-A161-55890DFDD84E}.Release ICONV using MultiTh RTL DLL|Win32.Build.0 = Release|Win32
		{3CC28EC2-9E4E-468A-A161-55890DFDD84E}.Release IMS|Win32.ActiveCfg = Release|Win32
		{3CC28EC2-9E4E-468A-A161-55890DFDD84E}.Release IMS|Win32.Build.0 = Release|Win32
		{3CC28EC2-9E4E-468A-A161-55890DFDD84E}.Release SDK|Win32.ActiveCfg = Release|Win32
		{3CC28EC2-9E4E-468A-A161-55890DFDD84E}.Release SDK|Win32.Build.0 = Release|Win32
		{3CC28EC2-9E4E-468A-A161-55890DFDD84E}.Release STEAM|Win32.ActiveCfg = Release|Win32
		{3CC28EC2-9E4E-468A-A161-55890DFDD84E}.Release STEAM|Win32.Build.0 = Release|Win32
		{3CC28EC2-9E4E-468A-A161-55890DFDD84E}.Release TF2|Win32.ActiveCfg = Release|Win32
		{3CC28EC2-9E4E-468A-A161-55890DFDD84E}.Release TF2|Win32.Build.0 = Release|Win32
		{3CC28EC2-9E4E-468A-A161-55890DFDD84E}.Release|Win32.ActiveCfg = Release|Win32
		{3CC28EC2-9E4E-468A-A161-55890DFDD84E}.Release|Win32.Build.0 = Release|Win32
		{3CC28EC2-9E4E-468A-A161-55890DFDD84E}.ReleaseWithSymbols|Win32.ActiveCfg = Release|Win32
		{3CC28EC2-9E4E-468A-A161-55890DFDD84E}.ReleaseWithSymbols|Win32.Build.0 = Release|Win32
		{3CC28EC2-9E4E-468A-A161-55890DFDD84E}.SDK Debug|Win32.ActiveCfg = Debug|Win32
		{3CC28EC2-9E4E-468A-A161-55890DFDD84E}.SDK Debug|Win32.Build.0 = Debug|Win32
		{3CC28EC2-9E4E-468A-A161-55890DFDD84E}.SDK MultiThreaded|Win32.ActiveCfg = Release|Win32
		{3CC28EC2-9E4E-468A-A161-55890DFDD84E}.SDK MultiThreaded|Win32.Build.0 = Release|Win32
		{3CC28EC2-9E4E-468A-A161-55890DFDD84E}.SDK Release|Win32.ActiveCfg = Release|Win32
		{3CC28EC2-9E4E-468A-A161-55890DFDD84E}.SDK Release|Win32.Build.0 = Release|Win32
		{3CC28EC2-9E4E-468A-A161-55890DFDD84E}.SDK SingleThreaded|Win32.ActiveCfg = Release|Win32
		{3CC28EC2-9E4E-468A-A161-55890DFDD84E}.SDK SingleThreaded|Win32.Build.0 = Release|Win32
		{F8E20A37-8AC2-4587-90DB-565934B985B0}.Debug CounterStrike|Win32.ActiveCfg = Debug|Win32
		{F8E20A37-8AC2-4587-90DB-565934B985B0}.Debug CounterStrike|Win32.Build.0 = Debug|Win32
		{F8E20A37-8AC2-4587-90DB-565934B985B0}.Debug DoD|Win32.ActiveCfg = Debug|Win32
		{F8E20A37-8AC2-4587-90DB-565934B985B0}.Debug DoD|Win32.Build.0 = Debug|Win32
		{F8E20A37-8AC2-4587-90DB-565934B985B0}.Debug Episodic HL2|Win32.ActiveCfg = Debug|Win32
		{F8E20A37-8AC2-4587-90DB-565934B985B0}.Debug Episodic HL2|Win32.Build.0 = Debug|Win32
		{F8E20A37-8AC2-4587-90DB-565934B985B0}.Debug HL1|Win32.ActiveCfg = Debug|Win32
		{F8E20A37-8AC2-4587-90DB-565934B985B0}.Debug HL1|Win32.Build.0 = Debug|Win32
		{F8E20A37-8AC2-4587-90DB-565934B985B0}.Debug HL2|Win32.ActiveCfg = Debug|Win32
		{F8E20A37-8AC2-4587-90DB-565934B985B0}.Debug HL2|Win32.Build.0 = Debug|Win32
		{F8E20A37-8AC2-4587-90DB-565934B985B0}.Debug HL2MP|Win32.ActiveCfg = Debug|Win32
		{F8E20A37-8AC2-4587-90DB-565934B985B0}.Debug HL2MP|Win32.Build.0 = Debug|Win32
		{F8E20A37-8AC2-4587-90DB-565934B985B0}.Debug ICONV using MultiTh RTL DLL|Win32.ActiveCfg = Debug|Win32
		{F8E20A37-8AC2-4587-90DB-565934B985B0}.Debug ICONV using MultiTh RTL DLL|Win32.Build.0 = Debug|Win32
		{F8E20A37-8AC2-4587-90DB-565934B985B0}.Debug IMS|Win32.ActiveCfg = Debug|Win32
		{F8E20A37-8AC2-4587-90DB-565934B985B0}.Debug IMS|Win32.Build.0 = Debug|Win32
		{F8E20A37-8AC2-4587-90DB-565934B985B0}.Debug SDK|Win32.ActiveCfg = Debug|Win32
		{F8E20A37-8AC2-4587-90DB-565934B985B0}.Debug SDK|Win32.Build.0 = Debug|Win32
		{F8E20A37-8AC2-4587-90DB-565934B985B0}.Debug STEAM|Win32.ActiveCfg = Debug|Win32
		{F8E20A37-8AC2-4587-90DB-565934B985B0}.Debug STEAM|Win32.Build.0 = Debug|Win32
		{F8E20A37-8AC2-4587-90DB-565934B985B0}.Debug TF2|Win32.ActiveCfg = Debug|Win32
		{F8E20A37-8AC2-4587-90DB-565934B985B0}.Debug TF2|Win32.Build.0 = Debug|Win32
		{F8E20A37-8AC2-4587-90DB-565934B985B0}.Debug|Win32.ActiveCfg = Debug|Win32
		{F8E20A37-8AC2-4587-90DB-565934B985B0}.Debug|Win32.Build.0 = Debug|Win32
		{F8E20A37-8AC2-4587-90DB-565934B985B0}.Dedicated Debug|Win32.ActiveCfg = Debug|Win32
		{F8E20A37-8AC2-4587-90DB-565934B985B0}.Dedicated Debug|Win32.Build.0 = Debug|Win32
		{F8E20A37-8AC2-4587-90DB-565934B985B0}.Dedicated Release|Win32.ActiveCfg = Release|Win32
		{F8E20A37-8AC2-4587-90DB-565934B985B0}.Dedicated Release|Win32.Build.0 = Release|Win32
		{F8E20A37-8AC2-4587-90DB-565934B985B0}.Profile|Win32.ActiveCfg = Release|Win32
		{F8E20A37-8AC2-4587-90DB-565934B985B0}.Profile|Win32.Build.0 = Release|Win32
		{F8E20A37-8AC2-4587-90DB-565934B985B0}.Release CounterStrike|Win32.ActiveCfg = Release|Win32
		{F8E20A37-8AC2-4587-90DB-565934B985B0}.Release CounterStrike|Win32.Build.0 = Release|Win32
		{F8E20A37-8AC2-4587-90DB-565934B985B0}.Release DoD|Win32.ActiveCfg = Release|Win32
		{F8E20A37-8AC2-4587-90DB-565934B985B0}.Release DoD|Win32.Build.0 = Release|Win32
		{F8E20A37-8AC2-4587-90DB-565934B985B0}.Release Episodic HL2|Win32.ActiveCfg = Release|Win32
		{F8E20A37-8AC2-4587-90DB-565934B985B0}.Release Episodic HL2|Win32.Build.0 = Release|Win32
		{F8E20A37-8AC2-4587-90DB-565934B985B0}.Release HL1|Win32.ActiveCfg = Release|Win32
		{F8E20A37-8AC2-4587-90DB-565934B985B0}.Release HL1|Win32.Build.0 = Release|Win32
		{F8E20A37-8AC2-4587-90DB-565934B985B0}.Release HL2|Win32.ActiveCfg = Release|Win32
		{F8E20A37-8AC2-4587-90DB-565934B985B0}.Release HL2|Win32.Build.0 = Release|Win32
		{F8E20A37-8AC2-4587-90DB-565934B985B0}.Release HL2MP|Win32.ActiveCfg = Release|Win32
		{F8E20A37-8AC2-4587-90DB-565934B985B0}.Release HL2MP|Win32.Build.0 = Release|Win32
		{F8E20A37-8AC2-4587-90DB-565934B985B0}.Release ICONV using MultiTh RTL DLL|Win32.ActiveCfg = Release|Win32
		{F8E20A37-8AC2-4587-90DB-565934B985B0}.Release ICONV using MultiTh RTL DLL|Win32.Build.0 = Release|Win32
		{F8E20A37-8AC2-4587-90DB-565934B985B0}.Release IMS|Win32.ActiveCfg = Release|Win32
		{F8E20A37-8AC2-4587-90DB-565934B985B0}.Release IMS|Win32.Build.0 = Release|Win32
		{F8E20A37-8AC2-4587-90DB-565934B985B0}.Release SDK|Win32.ActiveCfg = Release|Win32
		{F8E20A37-8AC2-4587-90DB-565934B985B0}.Release SDK|Win32.Build.0 = Release|Win32
		{F8E20A37-8AC2-4587-90DB-565934B985B0}.Release STEAM|Win32.ActiveCfg = Release|Win32
		{F8E20A37-8AC2-4587-90DB-565934B985B0}.Release STEAM|Win32.Build.0 = Release|Win32
		{F8E20A37-8AC2-4587-90DB-565934B985B0}.Release TF2|Win32.ActiveCfg = Release|Win32
		{F8E20A37-8AC2-4587-90DB-565934B985B0}.Release TF2|Win32.Build.0 = Release|Win32
		{F8E20A37-8AC2-4587-90DB-565934B985B0}.Release|Win32.ActiveCfg = Release|Win32
		{F8E20A37-8AC2-4587-90DB-565934B985B0}.Release|Win32.Build.0 = Release|Win32
		{F8E20A37-8AC2-4587-90DB-565934B985B0}.ReleaseWithSymbols|Win32.ActiveCfg = Release|Win32
		{F8E20A37-8AC2-4587-90DB-565934B985B0}.ReleaseWithSymbols|Win32.Build.0 = Release|Win32
		{F8E20A37-8AC2-4587-90DB-565934B985B0}.SDK Debug|Win32.ActiveCfg = Debug|Win32
		{F8E20A37-8AC2-4587-90DB-565934B985B0}.SDK Debug|Win32.Build.0 = Debug|Win32
		{F8E20A37-8AC2-4587-90DB-565934B985B0}.SDK MultiThreaded|Win32.ActiveCfg = Release|Win32
		{F8E20A37-8AC2-4587-90DB-565934B985B0}.SDK MultiThreaded|Win32.Build.0 = Release|Win32
		{F8E20A37-8AC2-4587-90DB-565934B985B0}.SDK Release|Win32.ActiveCfg = Release|Win32
		{F8E20A37-8AC2-4587-90DB-565934B985B0}.SDK Release|Win32.Build.0 = Release|Win32
		{F8E20A37-8AC2-4587-90DB-565934B985B0}.SDK SingleThreaded|Win32.ActiveCfg = Release|Win32
		{F8E20A37-8AC2-4587-90DB-565934B985B0}.SDK SingleThreaded|Win32.Build.0 = Release|Win32
		{5EDC148B-ACF5-49DA-A05C-924E2B162750}.Debug CounterStrike|Win32.ActiveCfg = Debug|Win32
		{5EDC148B-ACF5-49DA-A05C-924E2B162750}.Debug CounterStrike|Win32.Build.0 = Debug|Win32
		{5EDC148B-ACF5-49DA-A05C-924E2B162750}.Debug DoD|Win32.ActiveCfg = Debug|Win32
		{5EDC148B-ACF5-49DA-A05C-924E2B162750}.Debug DoD|Win32.Build.0 = Debug|Win32
		{5EDC148B-ACF5-49DA-A05C-924E2B162750}.Debug Episodic HL2|Win32.ActiveCfg = Debug|Win32
		{5EDC148B-ACF5-49DA-A05C-924E2B162750}.Debug Episodic HL2|Win32.Build.0 = Debug|Win32
		{5EDC148B-ACF5-49DA-A05C-924E2B162750}.Debug HL1|Win32.ActiveCfg = Debug|Win32
		{5EDC148B-ACF5-49DA-A05C-924E2B162750}.Debug HL1|Win32.Build.0 = Debug|Win32
		{5EDC148B-ACF5-49DA-A05C-924E2B162750}.Debug HL2|Win32.ActiveCfg = Debug|Win32
		{5EDC148B-ACF5-49DA-A05C-924E2B162750}.Debug HL2|Win32.Build.0 = Debug|Win32
		{5EDC148B-ACF5-49DA-A05C-924E2B162750}.Debug HL2MP|Win32.ActiveCfg = Debug|Win32
		{5EDC148B-ACF5-49DA-A05C-924E2B162750}.Debug HL2MP|Win32.Build.0 = Debug|Win32
		{5EDC148B-ACF5-49DA-A05C-924E2B162750}.Debug ICONV using MultiTh RTL DLL|Win32.ActiveCfg = Debug|Win32
		{5EDC148B-ACF5-49DA-A05C-924E2B162750}.Debug ICONV using MultiTh RTL DLL|Win32.Build.0 = Debug|Win32
		{5EDC148B-ACF5-49DA-A05C-924E2B162750}.Debug IMS|Win32.ActiveCfg = Debug|Win32
		{5EDC148B-ACF5-49DA-A05C-924E2B162750}.Debug IMS|Win32.Build.0 = Debug|Win32
		{5EDC148B-ACF5-49DA-A05C-924E2B162750}.Debug SDK|Win32.ActiveCfg = Debug|Win32
		{5EDC148B-ACF5-49DA-A05C-924E2B162750}.Debug SDK|Win32.Build.0 = Debug|Win32
		{5EDC148B-ACF5-49DA-A05C-924E2B162750}.Debug STEAM|Win32.ActiveCfg = Debug|Win32
		{5EDC148B-ACF5-49DA-A05C-924E2B162750}.Debug STEAM|Win32.Build.0 = Debug|Win32
		{5EDC148B-ACF5-49DA-A05C-924E2B162750}.Debug TF2|Win32.ActiveCfg = Debug|Win32
		{5EDC148B-ACF5-49DA-A05C-924E2B162750}.Debug TF2|Win32.Build.0 = Debug|Win32
		{5EDC148B-ACF5-49DA-A05C-924E2B162750}.Debug|Win32.ActiveCfg = Debug|Win32
		{5EDC148B-ACF5-49DA-A05C-924E2B162750}.Debug|Win32.Build.0 = Debug|Win32
		{5EDC148B-ACF5-49DA-A05C-924E2B162750}.Dedicated Debug|Win32.ActiveCfg = Debug|Win32
		{5EDC148B-ACF5-49DA-A05C-924E2B162750}.Dedicated Debug|Win32.Build.0 = Debug|Win32
		{5EDC148B-ACF5-49DA-A05C-924E2B162750}.Dedicated Release|Win32.ActiveCfg = Release|Win32
		{5EDC148B-ACF5-49DA-A05C-924E2B162750}.Dedicated Release|Win32.Build.0 = Release|Win32
		{5EDC148B-ACF5-49DA-A05C-924E2B162750}.Profile|Win32.ActiveCfg = Release|Win32
		{5EDC148B-ACF5-49DA-A05C-924E2B162750}.Profile|Win32.Build.0 = Release|Win32
		{5EDC148B-ACF5-49DA-A05C-924E2B162750}.Release CounterStrike|Win32.ActiveCfg = Release|Win32
		{5EDC148B-ACF5-49DA-A05C-924E2B162750}.Release CounterStrike|Win32.Build.0 = Release|Win32
		{5EDC148B-ACF5-49DA-A05C-924E2B162750}.Release DoD|Win32.ActiveCfg = Release|Win32
		{5EDC148B-ACF5-49DA-A05C-924E2B162750}.Release DoD|Win32.Build.0 = Release|Win32
		{5EDC148B-ACF5-49DA-A05C-924E2B162750}.Release Episodic HL2|Win32.ActiveCfg = Release|Win32
		{5EDC148B-ACF5-49DA-A05C-924E2B162750}.Release Episodic HL2|Win32.Build.0 = Release|Win32
		{5EDC148B-ACF5-49DA-A05C-924E2B162750}.Release HL1|Win32.ActiveCfg = Release|Win32
		{5EDC148B-ACF5-49DA-A05C-924E2B162750}.Release HL1|Win32.Build.0 = Release|Win32
		{5EDC148B-ACF5-49DA-A05C-924E2B162750}.Release HL2|Win32.ActiveCfg = Release|Win32
		{5EDC148B-ACF5-49DA-A05C-924E2B162750}.Release HL2|Win32.Build.0 = Release|Win32
		{5EDC148B-ACF5-49DA-A05C-924E2B162750}.Release HL2MP|Win32.ActiveCfg = Release|Win32
		{5EDC148B-ACF5-49DA-A05C-924E2B162750}.Release HL2MP|Win32.Build.0 = Release|Win32
		{5EDC148B-ACF5-49DA-A05C-924E2B162750}.Release ICONV using MultiTh RTL DLL|Win32.ActiveCfg = Release|Win32
		{5EDC148B-ACF5-49DA-A05C-924E2B162750}.Release ICONV using MultiTh RTL DLL|Win32.Build.0 = Release|Win32
		{5EDC148B-ACF5-49DA-A05C-924E2B162750}.Release IMS|Win32.ActiveCfg = Release|Win32
		{5EDC148B-ACF5-49DA-A05C-924E2B162750}.Release IMS|Win32.Build.0 = Release|Win32
		{5EDC148B-ACF5-49DA-A05C-924E2B162750}.Release SDK|Win32.ActiveCfg = Release|Win32
		{5EDC148B-ACF5-49DA-A05C-924E2B162750}.Release SDK|Win32.Build.0 = Release|Win32
		{5EDC148B-ACF5-49DA-A05C-924E2B162750}.Release STEAM|Win32.ActiveCfg = Release|Win32
		{5EDC148B-ACF5-49DA-A05C-924E2B162750}.Release STEAM|Win32.Build.0 = Release|Win32
		{5EDC148B-ACF5-49DA-A05C-924E2B162750}.Release TF2|Win32.ActiveCfg = Release|Win32
		{5EDC148B-ACF5-49DA-A05C-924E2B162750}.Release TF2|Win32.Build.0 = Release|Win32
		{5EDC148B-ACF5-49DA-A05C-924E2B162750}.Release|Win32.ActiveCfg = Release|Win32
		{5EDC148B-ACF5-49DA-A05C-924E2B162750}.Release|Win32.Build.0 = Release|Win32
		{5EDC148B-ACF5-49DA-A05C-924E2B162750}.ReleaseWithSymbols|Win32.ActiveCfg = Release|Win32
		{5EDC148B-ACF5-49DA-A05C-924E2B162750}.ReleaseWithSymbols|Win32.Build.0 = Release|Win32
		{5EDC148B-ACF5-49DA-A05C-924E2B162750}.SDK Debug|Win32.ActiveCfg = Debug|Win32
		{5EDC148B-ACF5-49DA-A05C-924E2B162750}.SDK Debug|Win32.Build.0 = Debug|Win32
		{5EDC148B-ACF5-49DA-A05C-924E2B162750}.SDK MultiThreaded|Win32.ActiveCfg = Release|Win32
		{5EDC148B-ACF5-49DA-A05C-924E2B162750}.SDK MultiThreaded|Win32.Build.0 = Release|Win32
		{5EDC148B-ACF5-49DA-A05C-924E2B162750}.SDK Release|Win32.ActiveCfg = Release|Win32
		{5EDC148B-ACF5-49DA-A05C-924E2B162750}.SDK Release|Win32.Build.0 = Release|Win32
		{5EDC148B-ACF5-49DA-A05C-924E2B162750}.SDK SingleThreaded|Win32.ActiveCfg = Release|Win32
		{5EDC148B-ACF5-49DA-A05C-924E2B162750}.SDK SingleThreaded|Win32.Build.0 = Release|Win32
		{231A32ED-7708-49BB-8ABD-2BE1C6A766DF}.Debug CounterStrike|Win32.ActiveCfg = Debug|Win32
		{231A32ED-7708-49BB-8ABD-2BE1C6A766DF}.Debug CounterStrike|Win32.Build.0 = Debug|Win32
		{231A32ED-7708-49BB-8ABD-2BE1C6A766DF}.Debug DoD|Win32.ActiveCfg = Debug|Win32
		{231A32ED-7708-49BB-8ABD-2BE1C6A766DF}.Debug DoD|Win32.Build.0 = Debug|Win32
		{231A32ED-7708-49BB-8ABD-2BE1C6A766DF}.Debug Episodic HL2|Win32.ActiveCfg = Debug|Win32
		{231A32ED-7708-49BB-8ABD-2BE1C6A766DF}.Debug Episodic HL2|Win32.Build.0 = Debug|Win32
		{231A32ED-7708-49BB-8ABD-2BE1C6A766DF}.Debug HL1|Win32.ActiveCfg = Debug|Win32
		{231A32ED-7708-49BB-8ABD-2BE1C6A766DF}.Debug HL1|Win32.Build.0 = Debug|Win32
		{231A32ED-7708-49BB-8ABD-2BE1C6A766DF}.Debug HL2|Win32.ActiveCfg = Debug|Win32
		{231A32ED-7708-49BB-8ABD-2BE1C6A766DF}.Debug HL2|Win32.Build.0 = Debug|Win32
		{231A32ED-7708-49BB-8ABD-2BE1C6A766DF}.Debug HL2MP|Win32.ActiveCfg = Debug|Win32
		{231A32ED-7708-49BB-8ABD-2BE1C6A766DF}.Debug HL2MP|Win32.Build.0 = Debug|Win32
		{231A32ED-7708-49BB-8ABD-2BE1C6A766DF}.Debug ICONV using MultiTh RTL DLL|Win32.ActiveCfg = Debug|Win32
		{231A32ED-7708-49BB-8ABD-2BE1C6A766DF}.Debug ICONV using MultiTh RTL DLL|Win32.Build.0 = Debug|Win32
		{231A32ED-7708-49BB-8ABD-2BE1C6A766DF}.Debug IMS|Win32.ActiveCfg = Debug|Win32
		{231A32ED-7708-49BB-8ABD-2BE1C6A766DF}.Debug IMS|Win32.Build.0 = Debug|Win32
		{231A32ED-7708-49BB-8ABD-2BE1C6A766DF}.Debug SDK|Win32.ActiveCfg = Debug|Win32
		{231A32ED-7708-49BB-8ABD-2BE1C6A766DF}.Debug SDK|Win32.Build.0 = Debug|Win32
		{231A32ED-7708-49BB-8ABD-2BE1C6A766DF}.Debug STEAM|Win32.ActiveCfg = Debug|Win32
		{231A32ED-7708-49BB-8ABD-2BE1C6A766DF}.Debug STEAM|Win32.Build.0 = Debug|Win32
		{231A32ED-7708-49BB-8ABD-2BE1C6A766DF}.Debug TF2|Win32.ActiveCfg = Debug|Win32
		{231A32ED-7708-49BB-8ABD-2BE1C6A766DF}.Debug TF2|Win32.Build.0 = Debug|Win32
		{231A32ED-7708-49BB-8ABD-2BE1C6A766DF}.Debug|Win32.ActiveCfg = Debug|Win32
		{231A32ED-7708-49BB-8ABD-2BE1C6A766DF}.Debug|Win32.Build.0 = Debug|Win32
		{231A32ED-7708-49BB-8ABD-2BE1C6A766DF}.Dedicated Debug|Win32.ActiveCfg = Debug|Win32
		{231A32ED-7708-49BB-8ABD-2BE1C6A766DF}.Dedicated Debug|Win32.Build.0 = Debug|Win32
		{231A32ED-7708-49BB-8ABD-2BE1C6A766DF}.Dedicated Release|Win32.ActiveCfg = Release|Win32
		{231A32ED-7708-49BB-8ABD-2BE1C6A766DF}.Dedicated Release|Win32.Build.0 = Release|Win32
		{231A32ED-7708-49BB-8ABD-2BE1C6A766DF}.Profile|Win32.ActiveCfg = Release|Win32
		{231A32ED-7708-49BB-8ABD-2BE1C6A766DF}.Profile|Win32.Build.0 = Release|Win32
		{231A32ED-7708-49BB-8ABD-2BE1C6A766DF}.Release CounterStrike|Win32.ActiveCfg = Release|Win32
		{231A32ED-7708-49BB-8ABD-2BE1C6A766DF}.Release CounterStrike|Win32.Build.0 = Release|Win32
		{231A32ED-7708-49BB-8ABD-2BE1C6A766DF}.Release DoD|Win32.ActiveCfg = Release|Win32
		{231A32ED-7708-49BB-8ABD-2BE1C6A766DF}.Release DoD|Win32.Build.0 = Release|Win32
		{231A32ED-7708-49BB-8ABD-2BE1C6A766DF}.Release Episodic HL2|Win32.ActiveCfg = Release|Win32
		{231A32ED-7708-49BB-8ABD-2BE1C6A766DF}.Release Episodic HL2|Win32.Build.0 = Release|Win32
		{231A32ED-7708-49BB-8ABD-2BE1C6A766DF}.Release HL1|Win32.ActiveCfg = Release|Win32
		{231A32ED-7708-49BB-8ABD-2BE1C6A766DF}.Release HL1|Win32.Build.0 = Release|Win32
		{231A32ED-7708-49BB-8ABD-2BE1C6A766DF}.Release HL2|Win32.ActiveCfg = Release|Win32
		{231A32ED-7708-49BB-8ABD-2BE1C6A766DF}.Release HL2|Win32.Build.0 = Release|Win32
		{231A32ED-7708-49BB-8ABD-2BE1C6A766DF}.Release HL2MP|Win32.ActiveCfg = Release|Win32
		{231A32ED-7708-49BB-8ABD-2BE1C6A766DF}.Release HL2MP|Win32.Build.0 = Release|Win32
		{231A32ED-7708-49BB-8ABD-2BE1C6A766DF}.Release ICONV using MultiTh RTL DLL|Win32.ActiveCfg = Release|Win32
		{231A32ED-7708-49BB-8ABD-2BE1C6A766DF}.Release ICONV using MultiTh RTL DLL|Win32.Build.0 = Release|Win32
		{231A32ED-7708-49BB-8ABD-2BE1C6A766DF}.Release IMS|Win32.ActiveCfg = Release|Win32
		{231A32ED-7708-49BB-8ABD-2BE1C6A766DF}.Release IMS|Win32.Build.0 = Release|Win32
		{231A32ED-7708-49BB-8ABD-2BE1C6A766DF}.Release SDK|Win32.ActiveCfg = Release|Win32
		{231A32ED-7708-49BB-8ABD-2BE1C6A766DF}.Release SDK|Win32.Build.0 = Release|Win32
		{231A32ED-7708-49BB-8ABD-2BE1C6A766DF}.Release STEAM|Win32.ActiveCfg = Release|Win32
		{231A32ED-7708-49BB-8ABD-2BE1C6A766DF}.Release STEAM|Win32.Build.0 = Release|Win32
		{231A32ED-7708-49BB-8ABD-2BE1C6A766DF}.Release TF2|Win32.ActiveCfg = Release|Win32
		{231A32ED-7708-49BB-8ABD-2BE1C6A766DF}.Release TF2|Win32.Build.0 = Release|Win32
		{231A32ED-7708-49BB-8ABD-2BE1C6A766DF}.Release|Win32.ActiveCfg = Release|Win32
		{231A32ED-7708-49BB-8ABD-2BE1C6A766DF}.Release|Win32.Build.0 = Release|Win32
		{231A32ED-7708-49BB-8ABD-2BE1C6A766DF}.ReleaseWithSymbols|Win32.ActiveCfg = Release|Win32
		{231A32ED-7708-49BB-8ABD-2BE1C6A766DF}.ReleaseWithSymbols|Win32.Build.0 = Release|Win32
		{231A32ED-7708-49BB-8ABD-2BE1C6A766DF}.SDK Debug|Win32.ActiveCfg = Debug|Win32
		{231A32ED-7708-49BB-8ABD-2BE1C6A766DF}.SDK Debug|Win32.Build.0 = Debug|Win32
		{231A32ED-7708-49BB-8ABD-2BE1C6A766DF}.SDK MultiThreaded|Win32.ActiveCfg = Release|Win32
		{231A32ED-7708-49BB-8ABD-2BE1C6A766DF}.SDK MultiThreaded|Win32.Build.0 = Release|Win32
		{231A32ED-7708-49BB-8ABD-2BE1C6A766DF}.SDK Release|Win32.ActiveCfg = Release|Win32
		{231A32ED-7708-49BB-8ABD-2BE1C6A766DF}.SDK Release|Win32.Build.0 = Release|Win32
		{231A32ED-7708-49BB-8ABD-2BE1C6A766DF}.SDK SingleThreaded|Win32.ActiveCfg = Release|Win32
		{231A32ED-7708-49BB-8ABD-2BE1C6A766DF}.SDK SingleThreaded|Win32.Build.0 = Release|Win32
		{2B378E30-D73F-4F11-98B0-C2FA4775AF99}.Debug CounterStrike|Win32.ActiveCfg = Debug|Win32
		{2B378E30-D73F-4F11-98B0-C2FA4775AF99}.Debug CounterStrike|Win32.Build.0 = Debug|Win32
		{2B378E30-D73F-4F11-98B0-C2FA4775AF99}.Debug DoD|Win32.ActiveCfg = Debug|Win32
		{2B378E30-D73F-4F11-98B0-C2FA4775AF99}.Debug DoD|Win32.Build.0 = Debug|Win32
		{2B378E30-D73F-4F11-98B0-C2FA4775AF99}.Debug Episodic HL2|Win32.ActiveCfg = Debug|Win32
		{2B378E30-D73F-4F11-98B0-C2FA4775AF99}.Debug Episodic HL2|Win32.Build.0 = Debug|Win32
		{2B378E30-D73F-4F11-98B0-C2FA4775AF99}.Debug HL1|Win32.ActiveCfg = Debug|Win32
		{2B378E30-D73F-4F11-98B0-C2FA4775AF99}.Debug HL1|Win32.Build.0 = Debug|Win32
		{2B378E30-D73F-4F11-98B0-C2FA4775AF99}.Debug HL2|Win32.ActiveCfg = Debug|Win32
		{2B378E30-D73F-4F11-98B0-C2FA4775AF99}.Debug HL2|Win32.Build.0 = Debug|Win32
		{2B378E30-D73F-4F11-98B0-C2FA4775AF99}.Debug HL2MP|Win32.ActiveCfg = Debug|Win32
		{2B378E30-D73F-4F11-98B0-C2FA4775AF99}.Debug HL2MP|Win32.Build.0 = Debug|Win32
		{2B378E30-D73F-4F11-98B0-C2FA4775AF99}.Debug ICONV using MultiTh RTL DLL|Win32.ActiveCfg = Debug|Win32
		{2B378E30-D73F-4F11-98B0-C2FA4775AF99}.Debug ICONV using MultiTh RTL DLL|Win32.Build.0 = Debug|Win32
		{2B378E30-D73F-4F11-98B0-C2FA4775AF99}.Debug IMS|Win32.ActiveCfg = Debug|Win32
		{2B378E30-D73F-4F11-98B0-C2FA4775AF99}.Debug IMS|Win32.Build.0 = Debug|Win32
		{2B378E30-D73F-4F11-98B0-C2FA4775AF99}.Debug SDK|Win32.ActiveCfg = Debug|Win32
		{2B378E30-D73F-4F11-98B0-C2FA4775AF99}.Debug SDK|Win32.Build.0 = Debug|Win32
		{2B378E30-D73F-4F11-98B0-C2FA4775AF99}.Debug STEAM|Win32.ActiveCfg = Debug|Win32
		{2B378E30-D73F-4F11-98B0-C2FA4775AF99}.Debug STEAM|Win32.Build.0 = Debug|Win32
		{2B378E30-D73F-4F11-98B0-C2FA4775AF99}.Debug TF2|Win32.ActiveCfg = Debug|Win32
		{2B378E30-D73F-4F11-98B0-C2FA4775AF99}.Debug TF2|Win32.Build.0 = Debug|Win32
		{2B378E30-D73F-4F11-98B0-C2FA4775AF99}.Debug|Win32.ActiveCfg = Debug|Win32
		{2B378E30-D73F-4F11-98B0-C2FA4775AF99}.Debug|Win32.Build.0 = Debug|Win32
		{2B378E30-D73F-4F11-98B0-C2FA4775AF99}.Dedicated Debug|Win32.ActiveCfg = Debug|Win32
		{2B378E30-D73F-4F11-98B0-C2FA4775AF99}.Dedicated Debug|Win32.Build.0 = Debug|Win32
		{2B378E30-D73F-4F11-98B0-C2FA4775AF99}.Dedicated Release|Win32.ActiveCfg = Release|Win32
		{2B378E30-D73F-4F11-98B0-C2FA4775AF99}.Dedicated Release|Win32.Build.0 = Release|Win32
		{2B378E30-D73F-4F11-98B0-C2FA4775AF99}.Profile|Win32.ActiveCfg = Release|Win32
		{2B378E30-D73F-4F11-98B0-C2FA4775AF99}.Profile|Win32.Build.0 = Release|Win32
		{2B378E30-D73F-4F11-98B0-C2FA4775AF99}.Release CounterStrike|Win32.ActiveCfg = Release|Win32
		{2B378E30-D73F-4F11-98B0-C2FA4775AF99}.Release CounterStrike|Win32.Build.0 = Release|Win32
		{2B378E30-D73F-4F11-98B0-C2FA4775AF99}.Release DoD|Win32.ActiveCfg = Release|Win32
		{2B378E30-D73F-4F11-98B0-C2FA4775AF99}.Release DoD|Win32.Build.0 = Release|Win32
		{2B378E30-D73F-4F11-98B0-C2FA4775AF99}.Release Episodic HL2|Win32.ActiveCfg = Release|Win32
		{2B378E30-D73F-4F11-98B0-C2FA4775AF99}.Release Episodic HL2|Win32.Build.0 = Release|Win32
		{2B378E30-D73F-4F11-98B0-C2FA4775AF99}.Release HL1|Win32.ActiveCfg = Release|Win32
		{2B378E30-D73F-4F11-98B0-C2FA4775AF99}.Release HL1|Win32.Build.0 = Release|Win32
		{2B378E30-D73F-4F11-98B0-C2FA4775AF99}.Release HL2|Win32.ActiveCfg = Release|Win32
		{2B378E30-D73F-4F11-98B0-C2FA4775AF99}.Release HL2|Win32.Build.0 = Release|Win32
		{2B378E30-D73F-4F11-98B0-C2FA4775AF99}.Release HL2MP|Win32.ActiveCfg = Release|Win32
		{2B378E30-D73F-4F11-98B0-C2FA4775AF99}.Release HL2MP|Win32.Build.0 = Release|Win32
		{2B378E30-D73F-4F11-98B0-C2FA4775AF99}.Release ICONV using MultiTh RTL DLL|Win32.ActiveCfg = Release|Win32
		{2B378E30-D73F-4F11-98B0-C2FA4775AF99}.Release ICONV using MultiTh RTL DLL|Win32.Build.0 = Release|Win32
		{2B378E30-D73F-4F11-98B0-C2FA4775AF99}.Release IMS|Win32.ActiveCfg = Release|Win32
		{2B378E30-D73F-4F11-98B0-C2FA4775AF99}.Release IMS|Win32.Build.0 = Release|Win32
		{2B378E30-D73F-4F11-98B0-C2FA4775AF99}.Release SDK|Win32.ActiveCfg = Release|Win32
		{2B378E30-D73F-4F11-98B0-C2FA4775AF99}.Release SDK|Win32.Build.0 = Release|Win32
		{2B378E30-D73F-4F11-98B0-C2FA4775AF99}.Release STEAM|Win32.ActiveCfg = Release|Win32
		{2B378E30-D73F-4F11-98B0-C2FA4775AF99}.Release STEAM|Win32.Build.0 = Release|Win32
		{2B378E30-D73F-4F11-98B0-C2FA4775AF99}.Release TF2|Win32.ActiveCfg = Release|Win32
		{2B378E30-D73F-4F11-98B0-C2FA4775AF99}.Release TF2|Win32.Build.0 = Release|Win32
		{2B378E30-D73F-4F11-98B0-C2FA4775AF99}.Release|Win32.ActiveCfg = Release|Win32
		{2B378E30-D73F-4F11-98B0-C2FA4775AF99}.Release|Win32.Build.0 = Release|Win32
		{2B378E30-D73F-4F11-98B0-C2FA4775AF99}.ReleaseWithSymbols|Win32.ActiveCfg = Release|Win32
		{2B378E30-D73F-4F11-98B0-C2FA4775AF99}.ReleaseWithSymbols|Win32.Build.0 = Release|Win32
		{2B378E30-D73F-4F11-98B0-C2FA4775AF99}.SDK Debug|Win32.ActiveCfg = Debug|Win32
		{2B378E30-D73F-4F11-98B0-C2FA4775AF99}.SDK Debug|Win32.Build.0 = Debug|Win32
		{2B378E30-D73F-4F11-98B0-C2FA4775AF99}.SDK MultiThreaded|Win32.ActiveCfg = Release|Win32
		{2B378E30-D73F-4F11-98B0-C2FA4775AF99}.SDK MultiThreaded|Win32.Build.0 = Release|Win32
		{2B378E30-D73F-4F11-98B0-C2FA4775AF99}.SDK Release|Win32.ActiveCfg = Release|Win32
		{2B378E30-D73F-4F11-98B0-C2FA4775AF99}.SDK Release|Win32.Build.0 = Release|Win32
		{2B378E30-D73F-4F11-98B0-C2FA4775AF99}.SDK SingleThreaded|Win32.ActiveCfg = Release|Win32
		{2B378E30-D73F-4F11-98B0-C2FA4775AF99}.SDK SingleThreaded|Win32.Build.0 = Release|Win32
		{F4C643D0-8DD2-4F95-B217-610CDB6375DF}.Debug CounterStrike|Win32.ActiveCfg = Debug|Win32
		{F4C643D0-8DD2-4F95-B217-610CDB6375DF}.Debug CounterStrike|Win32.Build.0 = Debug|Win32
		{F4C643D0-8DD2-4F95-B217-610CDB6375DF}.Debug DoD|Win32.ActiveCfg = Debug|Win32
		{F4C643D0-8DD2-4F95-B217-610CDB6375DF}.Debug DoD|Win32.Build.0 = Debug|Win32
		{F4C643D0-8DD2-4F95-B217-610CDB6375DF}.Debug Episodic HL2|Win32.ActiveCfg = Debug|Win32
		{F4C643D0-8DD2-4F95-B217-610CDB6375DF}.Debug Episodic HL2|Win32.Build.0 = Debug|Win32
		{F4C643D0-8DD2-4F95-B217-610CDB6375DF}.Debug HL1|Win32.ActiveCfg = Debug|Win32
		{F4C643D0-8DD2-4F95-B217-610CDB6375DF}.Debug HL1|Win32.Build.0 = Debug|Win32
		{F4C643D0-8DD2-4F95-B217-610CDB6375DF}.Debug HL2|Win32.ActiveCfg = Debug|Win32
		{F4C643D0-8DD2-4F95-B217-610CDB6375DF}.Debug HL2|Win32.Build.0 = Debug|Win32
		{F4C643D0-8DD2-4F95-B217-610CDB6375DF}.Debug HL2MP|Win32.ActiveCfg = Debug|Win32
		{F4C643D0-8DD2-4F95-B217-610CDB6375DF}.Debug HL2MP|Win32.Build.0 = Debug|Win32
		{F4C643D0-8DD2-4F95-B217-610CDB6375DF}.Debug ICONV using MultiTh RTL DLL|Win32.ActiveCfg = Debug|Win32
		{F4C643D0-8DD2-4F95-B217-610CDB6375DF}.Debug ICONV using MultiTh RTL DLL|Win32.Build.0 = Debug|Win32
		{F4C643D0-8DD2-4F95-B217-610CDB6375DF}.Debug IMS|Win32.ActiveCfg = Debug|Win32
		{F4C643D0-8DD2-4F95-B217-610CDB6375DF}.Debug IMS|Win32.Build.0 = Debug|Win32
		{F4C643D0-8DD2-4F95-B217-610CDB6375DF}.Debug SDK|Win32.ActiveCfg = Debug|Win32
		{F4C643D0-8DD2-4F95-B217-610CDB6375DF}.Debug SDK|Win32.Build.0 = Debug|Win32
		{F4C643D0-8DD2-4F95-B217-610CDB6375DF}.Debug STEAM|Win32.ActiveCfg = Debug|Win32
		{F4C643D0-8DD2-4F95-B217-610CDB6375DF}.Debug STEAM|Win32.Build.0 = Debug|Win32
		{F4C643D0-8DD2-4F95-B217-610CDB6375DF}.Debug TF2|Win32.ActiveCfg = Debug|Win32
		{F4C643D0-8DD2-4F95-B217-610CDB6375DF}.Debug TF2|Win32.Build.0 = Debug|Win32
		{F4C643D0-8DD2-4F95-B217-610CDB6375DF}.Debug|Win32.ActiveCfg = Debug|Win32
		{F4C643D0-8DD2-4F95-B217-610CDB6375DF}.Debug|Win32.Build.0 = Debug|Win32
		{F4C643D0-8DD2-4F95-B217-610CDB6375DF}.Dedicated Debug|Win32.ActiveCfg = Debug|Win32
		{F4C643D0-8DD2-4F95-B217-610CDB6375DF}.Dedicated Debug|Win32.Build.0 = Debug|Win32
		{F4C643D0-8DD2-4F95-B217-610CDB6375DF}.Dedicated Release|Win32.ActiveCfg = Release|Win32
		{F4C643D0-8DD2-4F95-B217-610CDB6375DF}.Dedicated Release|Win32.Build.0 = Release|Win32
		{F4C643D0-8DD2-4F95-B217-610CDB6375DF}.Profile|Win32.ActiveCfg = Release|Win32
		{F4C643D0-8DD2-4F95-B217-610CDB6375DF}.Profile|Win32.Build.0 = Release|Win32
		{F4C643D0-8DD2-4F95-B217-610CDB6375DF}.Release CounterStrike|Win32.ActiveCfg = Release|Win32
		{F4C643D0-8DD2-4F95-B217-610CDB6375DF}.Release CounterStrike|Win32.Build.0 = Release|Win32
		{F4C643D0-8DD2-4F95-B217-610CDB6375DF}.Release DoD|Win32.ActiveCfg = Release|Win32
		{F4C643D0-8DD2-4F95-B217-610CDB6375DF}.Release DoD|Win32.Build.0 = Release|Win32
		{F4C643D0-8DD2-4F95-B217-610CDB6375DF}.Release Episodic HL2|Win32.ActiveCfg = Release|Win32
		{F4C643D0-8DD2-4F95-B217-610CDB6375DF}.Release Episodic HL2|Win32.Build.0 = Release|Win32
		{F4C643D0-8DD2-4F95-B217-610CDB6375DF}.Release HL1|Win32.ActiveCfg = Release|Win32
		{F4C643D0-8DD2-4F95-B217-610CDB6375DF}.Release HL1|Win32.Build.0 = Release|Win32
		{F4C643D0-8DD2-4F95-B217-610CDB6375DF}.Release HL2|Win32.ActiveCfg = Release|Win32
		{F4C643D0-8DD2-4F95-B217-610CDB6375DF}.Release HL2|Win32.Build.0 = Release|Win32
		{F4C643D0-8DD2-4F95-B217-610CDB6375DF}.Release HL2MP|Win32.ActiveCfg = Release|Win32
		{F4C643D0-8DD2-4F95-B217-610CDB6375DF}.Release HL2MP|Win32.Build.0 = Release|Win32
		{F4C643D0-8DD2-4F95-B217-610CDB6375DF}.Release ICONV using MultiTh RTL DLL|Win32.ActiveCfg = Release|Win32
		{F4C643D0-8DD2-4F95-B217-610CDB6375DF}.Release ICONV using MultiTh RTL DLL|Win32.Build.0 = Release|Win32
		{F4C643D0-8DD2-4F95-B217-610CDB6375DF}.Release IMS|Win32.ActiveCfg = Release|Win32
		{F4C643D0-8DD2-4F95-B217-610CDB6375DF}.Release IMS|Win32.Build.0 = Release|Win32
		{F4C643D0-8DD2-4F95-B217-610CDB6375DF}.Release SDK|Win32.ActiveCfg = Release|Win32
		{F4C643D0-8DD2-4F95-B217-610CDB6375DF}.Release SDK|Win32.Build.0 = Release|Win32
		{F4C643D0-8DD2-4F95-B217-610CDB6375DF}.Release STEAM|Win32.ActiveCfg = Release|Win32
		{F4C643D0-8DD2-4F95-B217-610CDB6375DF}.Release STEAM|Win32.Build.0 = Release|Win32
		{F4C643D0-8DD2-4F95-B217-610CDB6375DF}.Release TF2|Win32.ActiveCfg = Release|Win32
		{F4C643D0-8DD2-4F95-B217-610CDB6375DF}.Release TF2|Win32.Build.0 = Release|Win32
		{F4C643D0-8DD2-4F95-B217-610CDB6375DF}.Release|Win32.ActiveCfg = Release|Win32
		{F4C643D0-8DD2-4F95-B217-610CDB6375DF}.Release|Win32.Build.0 = Release|Win32
		{F4C643D0-8DD2-4F95-B217-610CDB6375DF}.ReleaseWithSymbols|Win32.ActiveCfg = Release|Win32
		{F4C643D0-8DD2-4F95-B217-610CDB6375DF}.ReleaseWithSymbols|Win32.Build.0 = Release|Win32
		{F4C643D0-8DD2-4F95-B217-610CDB6375DF}.SDK Debug|Win32.ActiveCfg = Debug|Win32
		{F4C643D0-8DD2-4F95-B217-610CDB6375DF}.SDK Debug|Win32.Build.0 = Debug|Win32
		{F4C643D0-8DD2-4F95-B217-610CDB6375DF}.SDK MultiThreaded|Win32.ActiveCfg = Release|Win32
		{F4C643D0-8DD2-4F95-B217-610CDB6375DF}.SDK MultiThreaded|Win32.Build.0 = Release|Win32
		{F4C643D0-8DD2-4F95-B217-610CDB6375DF}.SDK Release|Win32.ActiveCfg = Release|Win32
		{F4C643D0-8DD2-4F95-B217-610CDB6375DF}.SDK Release|Win32.Build.0 = Release|Win32
		{F4C643D0-8DD2-4F95-B217-610CDB6375DF}.SDK SingleThreaded|Win32.ActiveCfg = Release|Win32
		{F4C643D0-8DD2-4F95-B217-610CDB6375DF}.SDK SingleThreaded|Win32.Build.0 = Release|Win32
	EndGlobalSection
	GlobalSection(SolutionProperties) = preSolution
		HideSolutionNode = FALSE
	EndGlobalSection
EndGlobal
