
Microsoft Visual Studio Solution File, Format Version 9.00
# Visual Studio 2005
Project("{8BC9CEB8-8B4A-11D0-8D11-00A0C91BC942}") = "parsifal", "parsifal.vcproj", "{75376197-2723-45E0-B88A-D353FB61F6FD}"
EndProject
Global
	GlobalSection(SolutionConfigurationPlatforms) = preSolution
		Debug ICONV using MultiTh RTL DLL|Win32 = Debug ICONV using MultiTh RTL DLL|Win32
		Debug|Win32 = Debug|Win32
		Release ICONV using MultiTh RTL DLL|Win32 = Release ICONV using MultiTh RTL DLL|Win32
		Release|Win32 = Release|Win32
	EndGlobalSection
	GlobalSection(ProjectConfigurationPlatforms) = postSolution
		{75376197-2723-45E0-B88A-D353FB61F6FD}.Debug ICONV using MultiTh RTL DLL|Win32.ActiveCfg = Debug ICONV using MultiTh RTL DLL|Win32
		{75376197-2723-45E0-B88A-D353FB61F6FD}.Debug ICONV using MultiTh RTL DLL|Win32.Build.0 = Debug ICONV using MultiTh RTL DLL|Win32
		{75376197-2723-45E0-B88A-D353FB61F6FD}.Debug|Win32.ActiveCfg = Debug|Win32
		{75376197-2723-45E0-B88A-D353FB61F6FD}.Debug|Win32.Build.0 = Debug|Win32
		{75376197-2723-45E0-B88A-D353FB61F6FD}.Release ICONV using MultiTh RTL DLL|Win32.ActiveCfg = Release ICONV using MultiTh RTL DLL|Win32
		{75376197-2723-45E0-B88A-D353FB61F6FD}.Release ICONV using MultiTh RTL DLL|Win32.Build.0 = Release ICONV using MultiTh RTL DLL|Win32
		{75376197-2723-45E0-B88A-D353FB61F6FD}.Release|Win32.ActiveCfg = Release|Win32
		{75376197-2723-45E0-B88A-D353FB61F6FD}.Release|Win32.Build.0 = Release|Win32
	EndGlobalSection
	GlobalSection(SolutionProperties) = preSolution
		HideSolutionNode = FALSE
	EndGlobalSection
EndGlobal
